PODS:
  - Mapbox-iOS-SDK (5.7.0):
    - MapboxMobileEvents (= 0.10.2)
  - MapboxMobileEvents (0.10.2)

DEPENDENCIES:
  - Mapbox-iOS-SDK (~> 5.7)

SPEC REPOS:
  https://github.com/cocoapods/specs.git:
    - Mapbox-iOS-SDK
    - MapboxMobileEvents

SPEC CHECKSUMS:
  Mapbox-iOS-SDK: 1b7cb0e739247d20ef75f5f14aa6ce34e1f0660f
  MapboxMobileEvents: 2bc0ca2eedb627b73cf403258dce2b2fa98074a6

PODFILE CHECKSUM: c1c803fbd86e891be2255be48d1f0b1e5f2737da

COCOAPODS: 1.5.3
