// !$*UTF8*$!
{
	archiveVersion = 1;
	classes = {
	};
	objectVersion = 51;
	objects = {

/* Begin PBXBuildFile section */
		4C0CAEC72429735300EDCA82 /* GoogleService-Info.plist in Resources */ = {isa = PBXBuildFile; fileRef = 4C0CAEC62429735200EDCA82 /* GoogleService-Info.plist */; };
		4C0CAECB242B992800EDCA82 /* MapView.swift in Sources */ = {isa = PBXBuildFile; fileRef = 4C0CAECA242B992800EDCA82 /* MapView.swift */; };
		4C13E72124849C7200337D26 /* RestaurantsSearchGatewayStub.swift in Sources */ = {isa = PBXBuildFile; fileRef = 4C13E72024849C7200337D26 /* RestaurantsSearchGatewayStub.swift */; };
		4C13E72324849D0E00337D26 /* RestaurantsRequestParamGatewayStub.swift in Sources */ = {isa = PBXBuildFile; fileRef = 4C13E72224849D0E00337D26 /* RestaurantsRequestParamGatewayStub.swift */; };
		4C14D097247F6BDE00A7DB2C /* RestaurantDetailPresenter.swift in Sources */ = {isa = PBXBuildFile; fileRef = 4C14D096247F6BDE00A7DB2C /* RestaurantDetailPresenter.swift */; };
		4C14D099247F6BF200A7DB2C /* RestaurantDetailRouter.swift in Sources */ = {isa = PBXBuildFile; fileRef = 4C14D098247F6BF200A7DB2C /* RestaurantDetailRouter.swift */; };
		4C14D09B247F6F1900A7DB2C /* RestaurantDetailViewData.swift in Sources */ = {isa = PBXBuildFile; fileRef = 4C14D09A247F6F1900A7DB2C /* RestaurantDetailViewData.swift */; };
		4C14D09E247F9FEC00A7DB2C /* RestaurantDetailPresenterTest.swift in Sources */ = {isa = PBXBuildFile; fileRef = 4C14D09D247F9FEC00A7DB2C /* RestaurantDetailPresenterTest.swift */; };
		4C14D0A2247FA5A200A7DB2C /* StringExtensionTest.swift in Sources */ = {isa = PBXBuildFile; fileRef = 4C14D0A1247FA5A200A7DB2C /* StringExtensionTest.swift */; };
		4C1D6A6C247BE15C0017BE19 /* MapRouter.swift in Sources */ = {isa = PBXBuildFile; fileRef = 4C1D6A6B247BE15C0017BE19 /* MapRouter.swift */; };
		4C2BA4282484C9D10018B435 /* gnaviAPIDummyResponse.json in Resources */ = {isa = PBXBuildFile; fileRef = 4C2BA4272484C9D10018B435 /* gnaviAPIDummyResponse.json */; };
		4C2BA42B2484D2D80018B435 /* CategoryButtonStatusTests.swift in Sources */ = {isa = PBXBuildFile; fileRef = 4C2BA42A2484D2D80018B435 /* CategoryButtonStatusTests.swift */; };
		4C2BA42D2484D4130018B435 /* RestaurantsRequestSearchRangeTests.swift in Sources */ = {isa = PBXBuildFile; fileRef = 4C2BA42C2484D4130018B435 /* RestaurantsRequestSearchRangeTests.swift */; };
		4C2BA42F2484D58F0018B435 /* CulturalPropertyMarkerEntityTests.swift in Sources */ = {isa = PBXBuildFile; fileRef = 4C2BA42E2484D58F0018B435 /* CulturalPropertyMarkerEntityTests.swift */; };
		4C2BA4312484D8C60018B435 /* BusstopMarkerEntityTests.swift in Sources */ = {isa = PBXBuildFile; fileRef = 4C2BA4302484D8C60018B435 /* BusstopMarkerEntityTests.swift */; };
		4C2EA2342486813800FE98C5 /* SettingsPresenterTests.swift in Sources */ = {isa = PBXBuildFile; fileRef = 4C2EA2332486813800FE98C5 /* SettingsPresenterTests.swift */; };
		4C2EA23624868AF800FE98C5 /* RestaurantsSearchRangeSettingPresenterTests.swift in Sources */ = {isa = PBXBuildFile; fileRef = 4C2EA23524868AF800FE98C5 /* RestaurantsSearchRangeSettingPresenterTests.swift */; };
		4C2EA238248725B800FE98C5 /* RestaurantsSearchSettingsPresenterTests.swift in Sources */ = {isa = PBXBuildFile; fileRef = 4C2EA237248725B800FE98C5 /* RestaurantsSearchSettingsPresenterTests.swift */; };
		4C2EA23B248785C800FE98C5 /* BusstopDetailPresenterTests.swift in Sources */ = {isa = PBXBuildFile; fileRef = 4C2EA23A248785C800FE98C5 /* BusstopDetailPresenterTests.swift */; };
		4C3652422479070800F53C52 /* CategoryPresenter.swift in Sources */ = {isa = PBXBuildFile; fileRef = 4C3652412479070800F53C52 /* CategoryPresenter.swift */; };
		4C3C874E247D3FB600B5FF6F /* MapViewController+FloatingPanelControllerDelegate.swift in Sources */ = {isa = PBXBuildFile; fileRef = 4C3C874D247D3FB600B5FF6F /* MapViewController+FloatingPanelControllerDelegate.swift */; };
		4C41664A2435ECD2005EF1C2 /* TabBarController.swift in Sources */ = {isa = PBXBuildFile; fileRef = 4C4166492435ECD2005EF1C2 /* TabBarController.swift */; };
		4C416650243964A4005EF1C2 /* KyotoCityInfoGateway.swift in Sources */ = {isa = PBXBuildFile; fileRef = 4C41664F243964A4005EF1C2 /* KyotoCityInfoGateway.swift */; };
		4C4166532439D2DA005EF1C2 /* TranslatorInteractor.swift in Sources */ = {isa = PBXBuildFile; fileRef = 4C4166522439D2DA005EF1C2 /* TranslatorInteractor.swift */; };
		4C416655243FFA38005EF1C2 /* MapInteractor.swift in Sources */ = {isa = PBXBuildFile; fileRef = 4C416654243FFA38005EF1C2 /* MapInteractor.swift */; };
		4C41666324434E07005EF1C2 /* AppDependencies.swift in Sources */ = {isa = PBXBuildFile; fileRef = 4C41666224434E07005EF1C2 /* AppDependencies.swift */; };
		4C416667244495C2005EF1C2 /* DependencyInjectable.swift in Sources */ = {isa = PBXBuildFile; fileRef = 4C416666244495C2005EF1C2 /* DependencyInjectable.swift */; };
		4C4CA0C224258EC400C7AEAE /* MapPresenter.swift in Sources */ = {isa = PBXBuildFile; fileRef = 4C4CA0C124258EC400C7AEAE /* MapPresenter.swift */; };
		4C5A33E72483F1150041FE48 /* CategoryButtonStatus.swift in Sources */ = {isa = PBXBuildFile; fileRef = 4C5A33E62483F1150041FE48 /* CategoryButtonStatus.swift */; };
		4C5A5DF1248610CF001EA2CE /* SettingsInteractorTests.swift in Sources */ = {isa = PBXBuildFile; fileRef = 4C5A5DF0248610CF001EA2CE /* SettingsInteractorTests.swift */; };
		4C7BC1F62489F7E900A5C394 /* InfoInteractorTests.swift in Sources */ = {isa = PBXBuildFile; fileRef = 4C7BC1F52489F7E900A5C394 /* InfoInteractorTests.swift */; };
		4C7BC1F8248A1CBC00A5C394 /* InfoPresenterTests.swift in Sources */ = {isa = PBXBuildFile; fileRef = 4C7BC1F7248A1CBC00A5C394 /* InfoPresenterTests.swift */; };
		4C7BC1FA248A232A00A5C394 /* InfoCellViewDataTests.swift in Sources */ = {isa = PBXBuildFile; fileRef = 4C7BC1F9248A232A00A5C394 /* InfoCellViewDataTests.swift */; };
		4C7F0342248A3FAF00B860ED /* InfoRouter.swift in Sources */ = {isa = PBXBuildFile; fileRef = 4C7F0341248A3FAF00B860ED /* InfoRouter.swift */; };
		4C7F0346248A654600B860ED /* CategoryTableViewCell.xib in Resources */ = {isa = PBXBuildFile; fileRef = 4C7F0344248A654600B860ED /* CategoryTableViewCell.xib */; };
		4C9CB8222489CD7300010956 /* InfoTableViewCell.xib in Resources */ = {isa = PBXBuildFile; fileRef = 4C9CB8202489CD7300010956 /* InfoTableViewCell.xib */; };
		4CA84AD2245036DD00DAC5F3 /* BusstopDetailViewController.swift in Sources */ = {isa = PBXBuildFile; fileRef = 4CA84AD1245036DD00DAC5F3 /* BusstopDetailViewController.swift */; };
		4CA84AD4245036F000DAC5F3 /* BusstopDetail.storyboard in Resources */ = {isa = PBXBuildFile; fileRef = 4CA84AD3245036F000DAC5F3 /* BusstopDetail.storyboard */; };
		4CA84AE82459246400DAC5F3 /* CategoryViewController.swift in Sources */ = {isa = PBXBuildFile; fileRef = 4CA84AE72459246400DAC5F3 /* CategoryViewController.swift */; };
		4CA84AEA2459247F00DAC5F3 /* Category.storyboard in Resources */ = {isa = PBXBuildFile; fileRef = 4CA84AE92459247F00DAC5F3 /* Category.storyboard */; };
		4CA84AF724619A4C00DAC5F3 /* UserPosition.swift in Sources */ = {isa = PBXBuildFile; fileRef = 4CA84AF624619A4C00DAC5F3 /* UserPosition.swift */; };
		4CA84AF92462817C00DAC5F3 /* BusstopMarkerEntity.swift in Sources */ = {isa = PBXBuildFile; fileRef = 4CA84AF82462817C00DAC5F3 /* BusstopMarkerEntity.swift */; };
		4CA84AFB246281F600DAC5F3 /* MarkerEntityProtocol.swift in Sources */ = {isa = PBXBuildFile; fileRef = 4CA84AFA246281F600DAC5F3 /* MarkerEntityProtocol.swift */; };
		4CA84AFD246284EB00DAC5F3 /* MarkerCategory.swift in Sources */ = {isa = PBXBuildFile; fileRef = 4CA84AFC246284EB00DAC5F3 /* MarkerCategory.swift */; };
		4CA84AFF24628CAD00DAC5F3 /* CulturalPropertyMarkerEntity.swift in Sources */ = {isa = PBXBuildFile; fileRef = 4CA84AFE24628CAD00DAC5F3 /* CulturalPropertyMarkerEntity.swift */; };
		4CA84B012462FDC900DAC5F3 /* BusRouteMarkerEntity.swift in Sources */ = {isa = PBXBuildFile; fileRef = 4CA84B002462FDC900DAC5F3 /* BusRouteMarkerEntity.swift */; };
		4CA84B05246313A800DAC5F3 /* CulturalPropertyDetailViewController.swift in Sources */ = {isa = PBXBuildFile; fileRef = 4CA84B04246313A800DAC5F3 /* CulturalPropertyDetailViewController.swift */; };
		4CA84B07246313C500DAC5F3 /* CulturalPropertyDetail.storyboard in Resources */ = {isa = PBXBuildFile; fileRef = 4CA84B06246313C500DAC5F3 /* CulturalPropertyDetail.storyboard */; };
		4CA84B0B246398A400DAC5F3 /* CustomFloatingPanelLayout.swift in Sources */ = {isa = PBXBuildFile; fileRef = 4CA84B0A246398A400DAC5F3 /* CustomFloatingPanelLayout.swift */; };
		4CA84B0E2463C1B600DAC5F3 /* RestaurantsSearchGateway.swift in Sources */ = {isa = PBXBuildFile; fileRef = 4CA84B0D2463C1B600DAC5F3 /* RestaurantsSearchGateway.swift */; };
		4CA84B102463C3EF00DAC5F3 /* RestaurantsSearchResultEntity.swift in Sources */ = {isa = PBXBuildFile; fileRef = 4CA84B0F2463C3EF00DAC5F3 /* RestaurantsSearchResultEntity.swift */; };
		4CA84B122464080A00DAC5F3 /* RestaurantEntity.swift in Sources */ = {isa = PBXBuildFile; fileRef = 4CA84B112464080A00DAC5F3 /* RestaurantEntity.swift */; };
		4CA84B16246408DE00DAC5F3 /* RestaurantMarkerEntity.swift in Sources */ = {isa = PBXBuildFile; fileRef = 4CA84B15246408DE00DAC5F3 /* RestaurantMarkerEntity.swift */; };
		4CA84B1C2464339A00DAC5F3 /* RestaurantDetailViewController.swift in Sources */ = {isa = PBXBuildFile; fileRef = 4CA84B1B2464339A00DAC5F3 /* RestaurantDetailViewController.swift */; };
		4CA84B1E246433B800DAC5F3 /* RestaurantDetail.storyboard in Resources */ = {isa = PBXBuildFile; fileRef = 4CA84B1D246433B800DAC5F3 /* RestaurantDetail.storyboard */; };
		4CB3CEB424852D1C0013DC3D /* MarkerViewDataProtocol.swift in Sources */ = {isa = PBXBuildFile; fileRef = 4CB3CEB324852D1C0013DC3D /* MarkerViewDataProtocol.swift */; };
		4CB3CEB624852D920013DC3D /* BusstopMarkerViewData.swift in Sources */ = {isa = PBXBuildFile; fileRef = 4CB3CEB524852D920013DC3D /* BusstopMarkerViewData.swift */; };
		4CB3CEB824852E320013DC3D /* CulturalPropertyMarkerViewData.swift in Sources */ = {isa = PBXBuildFile; fileRef = 4CB3CEB724852E320013DC3D /* CulturalPropertyMarkerViewData.swift */; };
		4CB3CEBA24852E4A0013DC3D /* RestaurantMarkerViewData.swift in Sources */ = {isa = PBXBuildFile; fileRef = 4CB3CEB924852E4A0013DC3D /* RestaurantMarkerViewData.swift */; };
		4CB8CCD1247BF25300B69BB2 /* CategoryRouter.swift in Sources */ = {isa = PBXBuildFile; fileRef = 4CB8CCD0247BF25300B69BB2 /* CategoryRouter.swift */; };
		4CB8D21D2489E71200177A10 /* InfoCellViewData.swift in Sources */ = {isa = PBXBuildFile; fileRef = 4CB8D21C2489E71200177A10 /* InfoCellViewData.swift */; };
		4CB9EFEC247E4E6700B7398D /* BusstopDetailPresenter.swift in Sources */ = {isa = PBXBuildFile; fileRef = 4CB9EFEB247E4E6700B7398D /* BusstopDetailPresenter.swift */; };
		4CB9EFEF247E8C2D00B7398D /* BusstopDetailViewData.swift in Sources */ = {isa = PBXBuildFile; fileRef = 4CB9EFEE247E8C2D00B7398D /* BusstopDetailViewData.swift */; };
		4CB9EFF2247EA59A00B7398D /* BusstopDetailRouter.swift in Sources */ = {isa = PBXBuildFile; fileRef = 4CB9EFF1247EA59A00B7398D /* BusstopDetailRouter.swift */; };
		4CC1ADD5241BAFCC00BF84B9 /* Info.storyboard in Resources */ = {isa = PBXBuildFile; fileRef = 4CC1ADD4241BAFCC00BF84B9 /* Info.storyboard */; };
		4CC1ADD7241BB13700BF84B9 /* Map.storyboard in Resources */ = {isa = PBXBuildFile; fileRef = 4CC1ADD6241BB13700BF84B9 /* Map.storyboard */; };
		4CC1ADDD241BC68100BF84B9 /* InfoViewController.swift in Sources */ = {isa = PBXBuildFile; fileRef = 4CC1ADDC241BC68100BF84B9 /* InfoViewController.swift */; };
		4CC1ADE5241CC30900BF84B9 /* KyotoCityInfoEntity.swift in Sources */ = {isa = PBXBuildFile; fileRef = 4CC1ADE4241CC30900BF84B9 /* KyotoCityInfoEntity.swift */; };
		4CC1ADED241FA3F500BF84B9 /* Settings.storyboard in Resources */ = {isa = PBXBuildFile; fileRef = 4CC1ADEC241FA3F500BF84B9 /* Settings.storyboard */; };
		4CC1ADEF241FA55F00BF84B9 /* SettingsViewController.swift in Sources */ = {isa = PBXBuildFile; fileRef = 4CC1ADEE241FA55F00BF84B9 /* SettingsViewController.swift */; };
		4CC1ADFD242459EE00BF84B9 /* StringExtension.swift in Sources */ = {isa = PBXBuildFile; fileRef = 4CC1ADFC242459EE00BF84B9 /* StringExtension.swift */; };
		4CC1AE0D2424615D00BF84B9 /* Localizable.strings in Resources */ = {isa = PBXBuildFile; fileRef = 4CC1AE0F2424615D00BF84B9 /* Localizable.strings */; };
		4CC77642247F3C0700EF5064 /* CulturalPropertyDetailPresenter.swift in Sources */ = {isa = PBXBuildFile; fileRef = 4CC77641247F3C0700EF5064 /* CulturalPropertyDetailPresenter.swift */; };
		4CC77644247F3C2800EF5064 /* CulturalPropertyDetailRouter.swift in Sources */ = {isa = PBXBuildFile; fileRef = 4CC77643247F3C2800EF5064 /* CulturalPropertyDetailRouter.swift */; };
		4CC77646247F3D0D00EF5064 /* CulturalPropertyDetailViewData.swift in Sources */ = {isa = PBXBuildFile; fileRef = 4CC77645247F3D0D00EF5064 /* CulturalPropertyDetailViewData.swift */; };
		4CC7764A247F49CF00EF5064 /* CulturalPropertyDetailPresenterTest.swift in Sources */ = {isa = PBXBuildFile; fileRef = 4CC77649247F49CF00EF5064 /* CulturalPropertyDetailPresenterTest.swift */; };
		4CD839362489F5A3005B10A1 /* KyotoCityInfoGatewayStub.swift in Sources */ = {isa = PBXBuildFile; fileRef = 4CD839352489F5A3005B10A1 /* KyotoCityInfoGatewayStub.swift */; };
		4CE16C412480D9A6006EBD39 /* CategoryCellViewData.swift in Sources */ = {isa = PBXBuildFile; fileRef = 4CE16C402480D9A6006EBD39 /* CategoryCellViewData.swift */; };
		4CE4A0FF2483E72600E30B3A /* CategoryButtonsStatusViewData.swift in Sources */ = {isa = PBXBuildFile; fileRef = 4CE4A0FE2483E72600E30B3A /* CategoryButtonsStatusViewData.swift */; };
		4CF4AFD42468508800991B2C /* CustomMGLPointAnnotation.swift in Sources */ = {isa = PBXBuildFile; fileRef = 4CF4AFD32468508800991B2C /* CustomMGLPointAnnotation.swift */; };
		4CF4AFD62469782700991B2C /* RestaurantsRequestParamEntity.swift in Sources */ = {isa = PBXBuildFile; fileRef = 4CF4AFD52469782700991B2C /* RestaurantsRequestParamEntity.swift */; };
		4CF4AFE6246E188800991B2C /* SettingsPresenter.swift in Sources */ = {isa = PBXBuildFile; fileRef = 4CF4AFE5246E188800991B2C /* SettingsPresenter.swift */; };
		4CF4AFE8246EDAAC00991B2C /* SettingsLicenseViewController.swift in Sources */ = {isa = PBXBuildFile; fileRef = 4CF4AFE7246EDAAC00991B2C /* SettingsLicenseViewController.swift */; };
		4CF4AFEA246EDACB00991B2C /* SettingsLicense.storyboard in Resources */ = {isa = PBXBuildFile; fileRef = 4CF4AFE9246EDACB00991B2C /* SettingsLicense.storyboard */; };
		4CF4AFEC246EE17800991B2C /* RestaurantsSearchSettingsViewController.swift in Sources */ = {isa = PBXBuildFile; fileRef = 4CF4AFEB246EE17800991B2C /* RestaurantsSearchSettingsViewController.swift */; };
		4CF4AFEE246EE1A100991B2C /* SettingsRestaurantsSearch.storyboard in Resources */ = {isa = PBXBuildFile; fileRef = 4CF4AFED246EE1A100991B2C /* SettingsRestaurantsSearch.storyboard */; };
		4CF4AFF02470AC4700991B2C /* RestaurantsSearchRangeSettingsViewController.swift in Sources */ = {isa = PBXBuildFile; fileRef = 4CF4AFEF2470AC4700991B2C /* RestaurantsSearchRangeSettingsViewController.swift */; };
		4CF4AFF22470AC7A00991B2C /* SettingsRestaurantsSearchRange.storyboard in Resources */ = {isa = PBXBuildFile; fileRef = 4CF4AFF12470AC7A00991B2C /* SettingsRestaurantsSearchRange.storyboard */; };
		4CF4AFF424716F8400991B2C /* SettingsInteractor.swift in Sources */ = {isa = PBXBuildFile; fileRef = 4CF4AFF324716F8400991B2C /* SettingsInteractor.swift */; };
		4CF4B00A2472C9A600991B2C /* MapInteractorTests.swift in Sources */ = {isa = PBXBuildFile; fileRef = 4CF4B0092472C9A600991B2C /* MapInteractorTests.swift */; };
		4CF4B0142475735C00991B2C /* RestaurantsRequestParamGateway.swift in Sources */ = {isa = PBXBuildFile; fileRef = 4CF4B0132475735B00991B2C /* RestaurantsRequestParamGateway.swift */; };
		4CF4B01724776C0800991B2C /* RestaurantsSearchRangeCellViewData.swift in Sources */ = {isa = PBXBuildFile; fileRef = 4CF4B01624776C0800991B2C /* RestaurantsSearchRangeCellViewData.swift */; };
		4CF4B0192477A6B900991B2C /* RestaurantsSearchSettingsCellViewData.swift in Sources */ = {isa = PBXBuildFile; fileRef = 4CF4B0182477A6B900991B2C /* RestaurantsSearchSettingsCellViewData.swift */; };
		4CF4B02B247899C400991B2C /* RestaurantsSearchSettingsPresenter.swift in Sources */ = {isa = PBXBuildFile; fileRef = 4CF4B02A247899C400991B2C /* RestaurantsSearchSettingsPresenter.swift */; };
		4CF4B03024789A4700991B2C /* RestaurantsSearchSettingsRouter.swift in Sources */ = {isa = PBXBuildFile; fileRef = 4CF4B02F24789A4700991B2C /* RestaurantsSearchSettingsRouter.swift */; };
		4CF4B0342478AB8F00991B2C /* TransitionerProtocol.swift in Sources */ = {isa = PBXBuildFile; fileRef = 4CF4B0332478AB8F00991B2C /* TransitionerProtocol.swift */; };
		4CF4B0362478CD8000991B2C /* RestaurantsSearchRangeSettingPresenter.swift in Sources */ = {isa = PBXBuildFile; fileRef = 4CF4B0352478CD8000991B2C /* RestaurantsSearchRangeSettingPresenter.swift */; };
		4CF4B03D2478CEA900991B2C /* RestaurantsSearchRangeSettingRouter.swift in Sources */ = {isa = PBXBuildFile; fileRef = 4CF4B03C2478CEA900991B2C /* RestaurantsSearchRangeSettingRouter.swift */; };
		4CF668CE24336514006AB40C /* InfoInteractor.swift in Sources */ = {isa = PBXBuildFile; fileRef = 4CF668CD24336514006AB40C /* InfoInteractor.swift */; };
		4CF668D024336C14006AB40C /* InfoPresenter.swift in Sources */ = {isa = PBXBuildFile; fileRef = 4CF668CF24336C14006AB40C /* InfoPresenter.swift */; };
		4CF773D7241B978B0032CC53 /* AppDelegate.swift in Sources */ = {isa = PBXBuildFile; fileRef = 4CF773D6241B978B0032CC53 /* AppDelegate.swift */; };
		4CF773D9241B978B0032CC53 /* SceneDelegate.swift in Sources */ = {isa = PBXBuildFile; fileRef = 4CF773D8241B978B0032CC53 /* SceneDelegate.swift */; };
		4CF773E0241B97900032CC53 /* Assets.xcassets in Resources */ = {isa = PBXBuildFile; fileRef = 4CF773DF241B97900032CC53 /* Assets.xcassets */; };
		4CF773E3241B97900032CC53 /* LaunchScreen.storyboard in Resources */ = {isa = PBXBuildFile; fileRef = 4CF773E1241B97900032CC53 /* LaunchScreen.storyboard */; };
		4CF773ED241B9D910032CC53 /* MapViewController.swift in Sources */ = {isa = PBXBuildFile; fileRef = 4CF773EC241B9D910032CC53 /* MapViewController.swift */; };
		4CFF123C2487E2D4002F23CB /* SettingsRouter.swift in Sources */ = {isa = PBXBuildFile; fileRef = 4CFF123B2487E2D4002F23CB /* SettingsRouter.swift */; };
		4CFF7F302486188E005DCF19 /* RestaurantsRequestSearchRange.swift in Sources */ = {isa = PBXBuildFile; fileRef = 4CFF7F2F2486188E005DCF19 /* RestaurantsRequestSearchRange.swift */; };
		8B7FB77CBB673EA6F6691891 /* Pods_KyotoTrip.framework in Frameworks */ = {isa = PBXBuildFile; fileRef = 404C686A5820008C031B2607 /* Pods_KyotoTrip.framework */; };
		C6A6AA505C55E1400F52D053 /* Pods_KyotoTripTests.framework in Frameworks */ = {isa = PBXBuildFile; fileRef = 2EB67A8DF6CA67FB2B023127 /* Pods_KyotoTripTests.framework */; };
/* End PBXBuildFile section */

/* Begin PBXContainerItemProxy section */
		4CF4B00C2472C9A600991B2C /* PBXContainerItemProxy */ = {
			isa = PBXContainerItemProxy;
			containerPortal = 4CF773CB241B978B0032CC53 /* Project object */;
			proxyType = 1;
			remoteGlobalIDString = 4CF773D2241B978B0032CC53;
			remoteInfo = KyotoTrip;
		};
/* End PBXContainerItemProxy section */

/* Begin PBXFileReference section */
		204C325FD10BE0F143E5B29D /* Pods-KyotoTrip.release.xcconfig */ = {isa = PBXFileReference; includeInIndex = 1; lastKnownFileType = text.xcconfig; name = "Pods-KyotoTrip.release.xcconfig"; path = "Pods/Target Support Files/Pods-KyotoTrip/Pods-KyotoTrip.release.xcconfig"; sourceTree = "<group>"; };
		20FFEE00A95D9C9A5DE9EED9 /* Pods-KyotoTripTests.debug.xcconfig */ = {isa = PBXFileReference; includeInIndex = 1; lastKnownFileType = text.xcconfig; name = "Pods-KyotoTripTests.debug.xcconfig"; path = "Pods/Target Support Files/Pods-KyotoTripTests/Pods-KyotoTripTests.debug.xcconfig"; sourceTree = "<group>"; };
		2EB67A8DF6CA67FB2B023127 /* Pods_KyotoTripTests.framework */ = {isa = PBXFileReference; explicitFileType = wrapper.framework; includeInIndex = 0; path = Pods_KyotoTripTests.framework; sourceTree = BUILT_PRODUCTS_DIR; };
		404C686A5820008C031B2607 /* Pods_KyotoTrip.framework */ = {isa = PBXFileReference; explicitFileType = wrapper.framework; includeInIndex = 0; path = Pods_KyotoTrip.framework; sourceTree = BUILT_PRODUCTS_DIR; };
		4C0CAEC62429735200EDCA82 /* GoogleService-Info.plist */ = {isa = PBXFileReference; fileEncoding = 4; lastKnownFileType = text.plist.xml; path = "GoogleService-Info.plist"; sourceTree = "<group>"; };
		4C0CAECA242B992800EDCA82 /* MapView.swift */ = {isa = PBXFileReference; lastKnownFileType = sourcecode.swift; path = MapView.swift; sourceTree = "<group>"; };
		4C13E72024849C7200337D26 /* RestaurantsSearchGatewayStub.swift */ = {isa = PBXFileReference; lastKnownFileType = sourcecode.swift; path = RestaurantsSearchGatewayStub.swift; sourceTree = "<group>"; };
		4C13E72224849D0E00337D26 /* RestaurantsRequestParamGatewayStub.swift */ = {isa = PBXFileReference; lastKnownFileType = sourcecode.swift; path = RestaurantsRequestParamGatewayStub.swift; sourceTree = "<group>"; };
		4C14D096247F6BDE00A7DB2C /* RestaurantDetailPresenter.swift */ = {isa = PBXFileReference; lastKnownFileType = sourcecode.swift; path = RestaurantDetailPresenter.swift; sourceTree = "<group>"; };
		4C14D098247F6BF200A7DB2C /* RestaurantDetailRouter.swift */ = {isa = PBXFileReference; lastKnownFileType = sourcecode.swift; path = RestaurantDetailRouter.swift; sourceTree = "<group>"; };
		4C14D09A247F6F1900A7DB2C /* RestaurantDetailViewData.swift */ = {isa = PBXFileReference; lastKnownFileType = sourcecode.swift; path = RestaurantDetailViewData.swift; sourceTree = "<group>"; };
		4C14D09D247F9FEC00A7DB2C /* RestaurantDetailPresenterTest.swift */ = {isa = PBXFileReference; lastKnownFileType = sourcecode.swift; path = RestaurantDetailPresenterTest.swift; sourceTree = "<group>"; };
		4C14D0A1247FA5A200A7DB2C /* StringExtensionTest.swift */ = {isa = PBXFileReference; lastKnownFileType = sourcecode.swift; path = StringExtensionTest.swift; sourceTree = "<group>"; };
		4C1D6A6B247BE15C0017BE19 /* MapRouter.swift */ = {isa = PBXFileReference; lastKnownFileType = sourcecode.swift; path = MapRouter.swift; sourceTree = "<group>"; };
		4C2BA4272484C9D10018B435 /* gnaviAPIDummyResponse.json */ = {isa = PBXFileReference; fileEncoding = 4; lastKnownFileType = text.json; path = gnaviAPIDummyResponse.json; sourceTree = "<group>"; };
		4C2BA42A2484D2D80018B435 /* CategoryButtonStatusTests.swift */ = {isa = PBXFileReference; lastKnownFileType = sourcecode.swift; path = CategoryButtonStatusTests.swift; sourceTree = "<group>"; };
		4C2BA42C2484D4130018B435 /* RestaurantsRequestSearchRangeTests.swift */ = {isa = PBXFileReference; lastKnownFileType = sourcecode.swift; path = RestaurantsRequestSearchRangeTests.swift; sourceTree = "<group>"; };
		4C2BA42E2484D58F0018B435 /* CulturalPropertyMarkerEntityTests.swift */ = {isa = PBXFileReference; lastKnownFileType = sourcecode.swift; path = CulturalPropertyMarkerEntityTests.swift; sourceTree = "<group>"; };
		4C2BA4302484D8C60018B435 /* BusstopMarkerEntityTests.swift */ = {isa = PBXFileReference; lastKnownFileType = sourcecode.swift; path = BusstopMarkerEntityTests.swift; sourceTree = "<group>"; };
		4C2EA2332486813800FE98C5 /* SettingsPresenterTests.swift */ = {isa = PBXFileReference; lastKnownFileType = sourcecode.swift; path = SettingsPresenterTests.swift; sourceTree = "<group>"; };
		4C2EA23524868AF800FE98C5 /* RestaurantsSearchRangeSettingPresenterTests.swift */ = {isa = PBXFileReference; lastKnownFileType = sourcecode.swift; path = RestaurantsSearchRangeSettingPresenterTests.swift; sourceTree = "<group>"; };
		4C2EA237248725B800FE98C5 /* RestaurantsSearchSettingsPresenterTests.swift */ = {isa = PBXFileReference; lastKnownFileType = sourcecode.swift; path = RestaurantsSearchSettingsPresenterTests.swift; sourceTree = "<group>"; };
		4C2EA23A248785C800FE98C5 /* BusstopDetailPresenterTests.swift */ = {isa = PBXFileReference; lastKnownFileType = sourcecode.swift; path = BusstopDetailPresenterTests.swift; sourceTree = "<group>"; };
		4C3652412479070800F53C52 /* CategoryPresenter.swift */ = {isa = PBXFileReference; lastKnownFileType = sourcecode.swift; path = CategoryPresenter.swift; sourceTree = "<group>"; };
		4C3C874D247D3FB600B5FF6F /* MapViewController+FloatingPanelControllerDelegate.swift */ = {isa = PBXFileReference; lastKnownFileType = sourcecode.swift; path = "MapViewController+FloatingPanelControllerDelegate.swift"; sourceTree = "<group>"; };
		4C4166492435ECD2005EF1C2 /* TabBarController.swift */ = {isa = PBXFileReference; lastKnownFileType = sourcecode.swift; path = TabBarController.swift; sourceTree = "<group>"; };
		4C41664F243964A4005EF1C2 /* KyotoCityInfoGateway.swift */ = {isa = PBXFileReference; lastKnownFileType = sourcecode.swift; path = KyotoCityInfoGateway.swift; sourceTree = "<group>"; };
		4C4166522439D2DA005EF1C2 /* TranslatorInteractor.swift */ = {isa = PBXFileReference; lastKnownFileType = sourcecode.swift; path = TranslatorInteractor.swift; sourceTree = "<group>"; };
		4C416654243FFA38005EF1C2 /* MapInteractor.swift */ = {isa = PBXFileReference; lastKnownFileType = sourcecode.swift; path = MapInteractor.swift; sourceTree = "<group>"; };
		4C41666224434E07005EF1C2 /* AppDependencies.swift */ = {isa = PBXFileReference; lastKnownFileType = sourcecode.swift; path = AppDependencies.swift; sourceTree = "<group>"; };
		4C416666244495C2005EF1C2 /* DependencyInjectable.swift */ = {isa = PBXFileReference; lastKnownFileType = sourcecode.swift; path = DependencyInjectable.swift; sourceTree = "<group>"; };
		4C4CA0C124258EC400C7AEAE /* MapPresenter.swift */ = {isa = PBXFileReference; lastKnownFileType = sourcecode.swift; path = MapPresenter.swift; sourceTree = "<group>"; };
		4C5A33E62483F1150041FE48 /* CategoryButtonStatus.swift */ = {isa = PBXFileReference; lastKnownFileType = sourcecode.swift; path = CategoryButtonStatus.swift; sourceTree = "<group>"; };
		4C5A5DF0248610CF001EA2CE /* SettingsInteractorTests.swift */ = {isa = PBXFileReference; lastKnownFileType = sourcecode.swift; path = SettingsInteractorTests.swift; sourceTree = "<group>"; };
		4C7BC1F52489F7E900A5C394 /* InfoInteractorTests.swift */ = {isa = PBXFileReference; lastKnownFileType = sourcecode.swift; path = InfoInteractorTests.swift; sourceTree = "<group>"; };
		4C7BC1F7248A1CBC00A5C394 /* InfoPresenterTests.swift */ = {isa = PBXFileReference; lastKnownFileType = sourcecode.swift; path = InfoPresenterTests.swift; sourceTree = "<group>"; };
		4C7BC1F9248A232A00A5C394 /* InfoCellViewDataTests.swift */ = {isa = PBXFileReference; lastKnownFileType = sourcecode.swift; path = InfoCellViewDataTests.swift; sourceTree = "<group>"; };
		4C7F0341248A3FAF00B860ED /* InfoRouter.swift */ = {isa = PBXFileReference; lastKnownFileType = sourcecode.swift; path = InfoRouter.swift; sourceTree = "<group>"; };
		4C7F0344248A654600B860ED /* CategoryTableViewCell.xib */ = {isa = PBXFileReference; lastKnownFileType = file.xib; path = CategoryTableViewCell.xib; sourceTree = "<group>"; };
		4C9CB8202489CD7300010956 /* InfoTableViewCell.xib */ = {isa = PBXFileReference; lastKnownFileType = file.xib; path = InfoTableViewCell.xib; sourceTree = "<group>"; };
		4CA84AD1245036DD00DAC5F3 /* BusstopDetailViewController.swift */ = {isa = PBXFileReference; lastKnownFileType = sourcecode.swift; path = BusstopDetailViewController.swift; sourceTree = "<group>"; };
		4CA84AD3245036F000DAC5F3 /* BusstopDetail.storyboard */ = {isa = PBXFileReference; lastKnownFileType = file.storyboard; path = BusstopDetail.storyboard; sourceTree = "<group>"; };
		4CA84AE72459246400DAC5F3 /* CategoryViewController.swift */ = {isa = PBXFileReference; lastKnownFileType = sourcecode.swift; path = CategoryViewController.swift; sourceTree = "<group>"; };
		4CA84AE92459247F00DAC5F3 /* Category.storyboard */ = {isa = PBXFileReference; lastKnownFileType = file.storyboard; path = Category.storyboard; sourceTree = "<group>"; };
		4CA84AF624619A4C00DAC5F3 /* UserPosition.swift */ = {isa = PBXFileReference; lastKnownFileType = sourcecode.swift; path = UserPosition.swift; sourceTree = "<group>"; };
		4CA84AF82462817C00DAC5F3 /* BusstopMarkerEntity.swift */ = {isa = PBXFileReference; lastKnownFileType = sourcecode.swift; path = BusstopMarkerEntity.swift; sourceTree = "<group>"; };
		4CA84AFA246281F600DAC5F3 /* MarkerEntityProtocol.swift */ = {isa = PBXFileReference; lastKnownFileType = sourcecode.swift; path = MarkerEntityProtocol.swift; sourceTree = "<group>"; };
		4CA84AFC246284EB00DAC5F3 /* MarkerCategory.swift */ = {isa = PBXFileReference; lastKnownFileType = sourcecode.swift; path = MarkerCategory.swift; sourceTree = "<group>"; };
		4CA84AFE24628CAD00DAC5F3 /* CulturalPropertyMarkerEntity.swift */ = {isa = PBXFileReference; lastKnownFileType = sourcecode.swift; path = CulturalPropertyMarkerEntity.swift; sourceTree = "<group>"; };
		4CA84B002462FDC900DAC5F3 /* BusRouteMarkerEntity.swift */ = {isa = PBXFileReference; lastKnownFileType = sourcecode.swift; path = BusRouteMarkerEntity.swift; sourceTree = "<group>"; };
		4CA84B04246313A800DAC5F3 /* CulturalPropertyDetailViewController.swift */ = {isa = PBXFileReference; lastKnownFileType = sourcecode.swift; path = CulturalPropertyDetailViewController.swift; sourceTree = "<group>"; };
		4CA84B06246313C500DAC5F3 /* CulturalPropertyDetail.storyboard */ = {isa = PBXFileReference; lastKnownFileType = file.storyboard; path = CulturalPropertyDetail.storyboard; sourceTree = "<group>"; };
		4CA84B0A246398A400DAC5F3 /* CustomFloatingPanelLayout.swift */ = {isa = PBXFileReference; lastKnownFileType = sourcecode.swift; path = CustomFloatingPanelLayout.swift; sourceTree = "<group>"; };
		4CA84B0D2463C1B600DAC5F3 /* RestaurantsSearchGateway.swift */ = {isa = PBXFileReference; lastKnownFileType = sourcecode.swift; path = RestaurantsSearchGateway.swift; sourceTree = "<group>"; };
		4CA84B0F2463C3EF00DAC5F3 /* RestaurantsSearchResultEntity.swift */ = {isa = PBXFileReference; lastKnownFileType = sourcecode.swift; path = RestaurantsSearchResultEntity.swift; sourceTree = "<group>"; };
		4CA84B112464080A00DAC5F3 /* RestaurantEntity.swift */ = {isa = PBXFileReference; lastKnownFileType = sourcecode.swift; path = RestaurantEntity.swift; sourceTree = "<group>"; };
		4CA84B15246408DE00DAC5F3 /* RestaurantMarkerEntity.swift */ = {isa = PBXFileReference; lastKnownFileType = sourcecode.swift; path = RestaurantMarkerEntity.swift; sourceTree = "<group>"; };
		4CA84B1B2464339A00DAC5F3 /* RestaurantDetailViewController.swift */ = {isa = PBXFileReference; lastKnownFileType = sourcecode.swift; path = RestaurantDetailViewController.swift; sourceTree = "<group>"; };
		4CA84B1D246433B800DAC5F3 /* RestaurantDetail.storyboard */ = {isa = PBXFileReference; lastKnownFileType = file.storyboard; path = RestaurantDetail.storyboard; sourceTree = "<group>"; };
		4CB3CEB324852D1C0013DC3D /* MarkerViewDataProtocol.swift */ = {isa = PBXFileReference; lastKnownFileType = sourcecode.swift; path = MarkerViewDataProtocol.swift; sourceTree = "<group>"; };
		4CB3CEB524852D920013DC3D /* BusstopMarkerViewData.swift */ = {isa = PBXFileReference; lastKnownFileType = sourcecode.swift; path = BusstopMarkerViewData.swift; sourceTree = "<group>"; };
		4CB3CEB724852E320013DC3D /* CulturalPropertyMarkerViewData.swift */ = {isa = PBXFileReference; lastKnownFileType = sourcecode.swift; path = CulturalPropertyMarkerViewData.swift; sourceTree = "<group>"; };
		4CB3CEB924852E4A0013DC3D /* RestaurantMarkerViewData.swift */ = {isa = PBXFileReference; lastKnownFileType = sourcecode.swift; path = RestaurantMarkerViewData.swift; sourceTree = "<group>"; };
		4CB8CCD0247BF25300B69BB2 /* CategoryRouter.swift */ = {isa = PBXFileReference; lastKnownFileType = sourcecode.swift; path = CategoryRouter.swift; sourceTree = "<group>"; };
		4CB8D21C2489E71200177A10 /* InfoCellViewData.swift */ = {isa = PBXFileReference; lastKnownFileType = sourcecode.swift; path = InfoCellViewData.swift; sourceTree = "<group>"; };
		4CB9EFEB247E4E6700B7398D /* BusstopDetailPresenter.swift */ = {isa = PBXFileReference; lastKnownFileType = sourcecode.swift; path = BusstopDetailPresenter.swift; sourceTree = "<group>"; };
		4CB9EFEE247E8C2D00B7398D /* BusstopDetailViewData.swift */ = {isa = PBXFileReference; lastKnownFileType = sourcecode.swift; path = BusstopDetailViewData.swift; sourceTree = "<group>"; };
		4CB9EFF1247EA59A00B7398D /* BusstopDetailRouter.swift */ = {isa = PBXFileReference; lastKnownFileType = sourcecode.swift; path = BusstopDetailRouter.swift; sourceTree = "<group>"; };
		4CC1ADD4241BAFCC00BF84B9 /* Info.storyboard */ = {isa = PBXFileReference; lastKnownFileType = file.storyboard; path = Info.storyboard; sourceTree = "<group>"; };
		4CC1ADD6241BB13700BF84B9 /* Map.storyboard */ = {isa = PBXFileReference; lastKnownFileType = file.storyboard; path = Map.storyboard; sourceTree = "<group>"; };
		4CC1ADDC241BC68100BF84B9 /* InfoViewController.swift */ = {isa = PBXFileReference; lastKnownFileType = sourcecode.swift; path = InfoViewController.swift; sourceTree = "<group>"; };
		4CC1ADE4241CC30900BF84B9 /* KyotoCityInfoEntity.swift */ = {isa = PBXFileReference; lastKnownFileType = sourcecode.swift; path = KyotoCityInfoEntity.swift; sourceTree = "<group>"; };
		4CC1ADEC241FA3F500BF84B9 /* Settings.storyboard */ = {isa = PBXFileReference; lastKnownFileType = file.storyboard; path = Settings.storyboard; sourceTree = "<group>"; };
		4CC1ADEE241FA55F00BF84B9 /* SettingsViewController.swift */ = {isa = PBXFileReference; lastKnownFileType = sourcecode.swift; path = SettingsViewController.swift; sourceTree = "<group>"; };
		4CC1ADFC242459EE00BF84B9 /* StringExtension.swift */ = {isa = PBXFileReference; lastKnownFileType = sourcecode.swift; path = StringExtension.swift; sourceTree = "<group>"; };
		4CC1AE142424622400BF84B9 /* ja */ = {isa = PBXFileReference; lastKnownFileType = text.plist.strings; name = ja; path = ja.lproj/Localizable.strings; sourceTree = "<group>"; };
		4CC1AE162424650600BF84B9 /* en */ = {isa = PBXFileReference; lastKnownFileType = text.plist.strings; name = en; path = en.lproj/Localizable.strings; sourceTree = "<group>"; };
		4CC77641247F3C0700EF5064 /* CulturalPropertyDetailPresenter.swift */ = {isa = PBXFileReference; lastKnownFileType = sourcecode.swift; path = CulturalPropertyDetailPresenter.swift; sourceTree = "<group>"; };
		4CC77643247F3C2800EF5064 /* CulturalPropertyDetailRouter.swift */ = {isa = PBXFileReference; lastKnownFileType = sourcecode.swift; path = CulturalPropertyDetailRouter.swift; sourceTree = "<group>"; };
		4CC77645247F3D0D00EF5064 /* CulturalPropertyDetailViewData.swift */ = {isa = PBXFileReference; lastKnownFileType = sourcecode.swift; path = CulturalPropertyDetailViewData.swift; sourceTree = "<group>"; };
		4CC77649247F49CF00EF5064 /* CulturalPropertyDetailPresenterTest.swift */ = {isa = PBXFileReference; lastKnownFileType = sourcecode.swift; path = CulturalPropertyDetailPresenterTest.swift; sourceTree = "<group>"; };
		4CD839352489F5A3005B10A1 /* KyotoCityInfoGatewayStub.swift */ = {isa = PBXFileReference; lastKnownFileType = sourcecode.swift; path = KyotoCityInfoGatewayStub.swift; sourceTree = "<group>"; };
		4CE16C402480D9A6006EBD39 /* CategoryCellViewData.swift */ = {isa = PBXFileReference; lastKnownFileType = sourcecode.swift; path = CategoryCellViewData.swift; sourceTree = "<group>"; };
		4CE4A0FE2483E72600E30B3A /* CategoryButtonsStatusViewData.swift */ = {isa = PBXFileReference; lastKnownFileType = sourcecode.swift; path = CategoryButtonsStatusViewData.swift; sourceTree = "<group>"; };
		4CF4AFD32468508800991B2C /* CustomMGLPointAnnotation.swift */ = {isa = PBXFileReference; lastKnownFileType = sourcecode.swift; path = CustomMGLPointAnnotation.swift; sourceTree = "<group>"; };
		4CF4AFD52469782700991B2C /* RestaurantsRequestParamEntity.swift */ = {isa = PBXFileReference; lastKnownFileType = sourcecode.swift; path = RestaurantsRequestParamEntity.swift; sourceTree = "<group>"; };
		4CF4AFE5246E188800991B2C /* SettingsPresenter.swift */ = {isa = PBXFileReference; lastKnownFileType = sourcecode.swift; path = SettingsPresenter.swift; sourceTree = "<group>"; };
		4CF4AFE7246EDAAC00991B2C /* SettingsLicenseViewController.swift */ = {isa = PBXFileReference; lastKnownFileType = sourcecode.swift; path = SettingsLicenseViewController.swift; sourceTree = "<group>"; };
		4CF4AFE9246EDACB00991B2C /* SettingsLicense.storyboard */ = {isa = PBXFileReference; lastKnownFileType = file.storyboard; path = SettingsLicense.storyboard; sourceTree = "<group>"; };
		4CF4AFEB246EE17800991B2C /* RestaurantsSearchSettingsViewController.swift */ = {isa = PBXFileReference; lastKnownFileType = sourcecode.swift; path = RestaurantsSearchSettingsViewController.swift; sourceTree = "<group>"; };
		4CF4AFED246EE1A100991B2C /* SettingsRestaurantsSearch.storyboard */ = {isa = PBXFileReference; lastKnownFileType = file.storyboard; path = SettingsRestaurantsSearch.storyboard; sourceTree = "<group>"; };
		4CF4AFEF2470AC4700991B2C /* RestaurantsSearchRangeSettingsViewController.swift */ = {isa = PBXFileReference; lastKnownFileType = sourcecode.swift; path = RestaurantsSearchRangeSettingsViewController.swift; sourceTree = "<group>"; };
		4CF4AFF12470AC7A00991B2C /* SettingsRestaurantsSearchRange.storyboard */ = {isa = PBXFileReference; lastKnownFileType = file.storyboard; path = SettingsRestaurantsSearchRange.storyboard; sourceTree = "<group>"; };
		4CF4AFF324716F8400991B2C /* SettingsInteractor.swift */ = {isa = PBXFileReference; lastKnownFileType = sourcecode.swift; path = SettingsInteractor.swift; sourceTree = "<group>"; };
		4CF4B0072472C9A600991B2C /* KyotoTripTests.xctest */ = {isa = PBXFileReference; explicitFileType = wrapper.cfbundle; includeInIndex = 0; path = KyotoTripTests.xctest; sourceTree = BUILT_PRODUCTS_DIR; };
		4CF4B0092472C9A600991B2C /* MapInteractorTests.swift */ = {isa = PBXFileReference; lastKnownFileType = sourcecode.swift; path = MapInteractorTests.swift; sourceTree = "<group>"; };
		4CF4B00B2472C9A600991B2C /* Info.plist */ = {isa = PBXFileReference; lastKnownFileType = text.plist.xml; path = Info.plist; sourceTree = "<group>"; };
		4CF4B0132475735B00991B2C /* RestaurantsRequestParamGateway.swift */ = {isa = PBXFileReference; lastKnownFileType = sourcecode.swift; name = RestaurantsRequestParamGateway.swift; path = KyotoTrip/Modules/Common/RestaurantsRequestParamGateway.swift; sourceTree = SOURCE_ROOT; };
		4CF4B01624776C0800991B2C /* RestaurantsSearchRangeCellViewData.swift */ = {isa = PBXFileReference; lastKnownFileType = sourcecode.swift; path = RestaurantsSearchRangeCellViewData.swift; sourceTree = "<group>"; };
		4CF4B0182477A6B900991B2C /* RestaurantsSearchSettingsCellViewData.swift */ = {isa = PBXFileReference; lastKnownFileType = sourcecode.swift; path = RestaurantsSearchSettingsCellViewData.swift; sourceTree = "<group>"; };
		4CF4B02A247899C400991B2C /* RestaurantsSearchSettingsPresenter.swift */ = {isa = PBXFileReference; lastKnownFileType = sourcecode.swift; path = RestaurantsSearchSettingsPresenter.swift; sourceTree = "<group>"; };
		4CF4B02F24789A4700991B2C /* RestaurantsSearchSettingsRouter.swift */ = {isa = PBXFileReference; lastKnownFileType = sourcecode.swift; path = RestaurantsSearchSettingsRouter.swift; sourceTree = "<group>"; };
		4CF4B0332478AB8F00991B2C /* TransitionerProtocol.swift */ = {isa = PBXFileReference; lastKnownFileType = sourcecode.swift; path = TransitionerProtocol.swift; sourceTree = "<group>"; };
		4CF4B0352478CD8000991B2C /* RestaurantsSearchRangeSettingPresenter.swift */ = {isa = PBXFileReference; lastKnownFileType = sourcecode.swift; path = RestaurantsSearchRangeSettingPresenter.swift; sourceTree = "<group>"; };
		4CF4B03C2478CEA900991B2C /* RestaurantsSearchRangeSettingRouter.swift */ = {isa = PBXFileReference; lastKnownFileType = sourcecode.swift; path = RestaurantsSearchRangeSettingRouter.swift; sourceTree = "<group>"; };
		4CF668CD24336514006AB40C /* InfoInteractor.swift */ = {isa = PBXFileReference; lastKnownFileType = sourcecode.swift; path = InfoInteractor.swift; sourceTree = "<group>"; };
		4CF668CF24336C14006AB40C /* InfoPresenter.swift */ = {isa = PBXFileReference; lastKnownFileType = sourcecode.swift; path = InfoPresenter.swift; sourceTree = "<group>"; };
		4CF773D3241B978B0032CC53 /* KyotoTrip.app */ = {isa = PBXFileReference; explicitFileType = wrapper.application; includeInIndex = 0; path = KyotoTrip.app; sourceTree = BUILT_PRODUCTS_DIR; };
		4CF773D6241B978B0032CC53 /* AppDelegate.swift */ = {isa = PBXFileReference; lastKnownFileType = sourcecode.swift; path = AppDelegate.swift; sourceTree = "<group>"; };
		4CF773D8241B978B0032CC53 /* SceneDelegate.swift */ = {isa = PBXFileReference; lastKnownFileType = sourcecode.swift; path = SceneDelegate.swift; sourceTree = "<group>"; };
		4CF773DF241B97900032CC53 /* Assets.xcassets */ = {isa = PBXFileReference; lastKnownFileType = folder.assetcatalog; path = Assets.xcassets; sourceTree = "<group>"; };
		4CF773E2241B97900032CC53 /* Base */ = {isa = PBXFileReference; lastKnownFileType = file.storyboard; name = Base; path = Base.lproj/LaunchScreen.storyboard; sourceTree = "<group>"; };
		4CF773E4241B97900032CC53 /* Info.plist */ = {isa = PBXFileReference; lastKnownFileType = text.plist.xml; path = Info.plist; sourceTree = "<group>"; };
		4CF773EC241B9D910032CC53 /* MapViewController.swift */ = {isa = PBXFileReference; lastKnownFileType = sourcecode.swift; path = MapViewController.swift; sourceTree = "<group>"; };
		4CFF123B2487E2D4002F23CB /* SettingsRouter.swift */ = {isa = PBXFileReference; lastKnownFileType = sourcecode.swift; path = SettingsRouter.swift; sourceTree = "<group>"; };
		4CFF7F2F2486188E005DCF19 /* RestaurantsRequestSearchRange.swift */ = {isa = PBXFileReference; lastKnownFileType = sourcecode.swift; path = RestaurantsRequestSearchRange.swift; sourceTree = "<group>"; };
		BB09C1A28A717DE8ACC178D9 /* Pods-KyotoTrip.debug.xcconfig */ = {isa = PBXFileReference; includeInIndex = 1; lastKnownFileType = text.xcconfig; name = "Pods-KyotoTrip.debug.xcconfig"; path = "Pods/Target Support Files/Pods-KyotoTrip/Pods-KyotoTrip.debug.xcconfig"; sourceTree = "<group>"; };
		E50141F456326EA63F822DCF /* Pods-KyotoTripTests.release.xcconfig */ = {isa = PBXFileReference; includeInIndex = 1; lastKnownFileType = text.xcconfig; name = "Pods-KyotoTripTests.release.xcconfig"; path = "Pods/Target Support Files/Pods-KyotoTripTests/Pods-KyotoTripTests.release.xcconfig"; sourceTree = "<group>"; };
/* End PBXFileReference section */

/* Begin PBXFrameworksBuildPhase section */
		4CF4B0042472C9A600991B2C /* Frameworks */ = {
			isa = PBXFrameworksBuildPhase;
			buildActionMask = 2147483647;
			files = (
				C6A6AA505C55E1400F52D053 /* Pods_KyotoTripTests.framework in Frameworks */,
			);
			runOnlyForDeploymentPostprocessing = 0;
		};
		4CF773D0241B978B0032CC53 /* Frameworks */ = {
			isa = PBXFrameworksBuildPhase;
			buildActionMask = 2147483647;
			files = (
				8B7FB77CBB673EA6F6691891 /* Pods_KyotoTrip.framework in Frameworks */,
			);
			runOnlyForDeploymentPostprocessing = 0;
		};
/* End PBXFrameworksBuildPhase section */

/* Begin PBXGroup section */
		4C13E72424849FD500337D26 /* ViewData */ = {
			isa = PBXGroup;
			children = (
				4CE16C402480D9A6006EBD39 /* CategoryCellViewData.swift */,
				4CE4A0FE2483E72600E30B3A /* CategoryButtonsStatusViewData.swift */,
				4CA84AF624619A4C00DAC5F3 /* UserPosition.swift */,
				4CB3CEB324852D1C0013DC3D /* MarkerViewDataProtocol.swift */,
				4CB3CEB524852D920013DC3D /* BusstopMarkerViewData.swift */,
				4CB3CEB724852E320013DC3D /* CulturalPropertyMarkerViewData.swift */,
				4CB3CEB924852E4A0013DC3D /* RestaurantMarkerViewData.swift */,
			);
			path = ViewData;
			sourceTree = "<group>";
		};
		4C14D094247F6B9B00A7DB2C /* Presenter */ = {
			isa = PBXGroup;
			children = (
				4C14D096247F6BDE00A7DB2C /* RestaurantDetailPresenter.swift */,
				4C14D09A247F6F1900A7DB2C /* RestaurantDetailViewData.swift */,
			);
			path = Presenter;
			sourceTree = "<group>";
		};
		4C14D095247F6BA300A7DB2C /* Router */ = {
			isa = PBXGroup;
			children = (
				4C14D098247F6BF200A7DB2C /* RestaurantDetailRouter.swift */,
			);
			path = Router;
			sourceTree = "<group>";
		};
		4C14D09C247F9FC000A7DB2C /* RestaurantDetail */ = {
			isa = PBXGroup;
			children = (
				4C14D09D247F9FEC00A7DB2C /* RestaurantDetailPresenterTest.swift */,
			);
			path = RestaurantDetail;
			sourceTree = "<group>";
		};
		4C14D09F247FA57E00A7DB2C /* Common */ = {
			isa = PBXGroup;
			children = (
				4C14D0A0247FA58400A7DB2C /* Extension */,
			);
			path = Common;
			sourceTree = "<group>";
		};
		4C14D0A0247FA58400A7DB2C /* Extension */ = {
			isa = PBXGroup;
			children = (
				4C14D0A1247FA5A200A7DB2C /* StringExtensionTest.swift */,
			);
			path = Extension;
			sourceTree = "<group>";
		};
		4C14D0A3247FA5AC00A7DB2C /* Modules */ = {
			isa = PBXGroup;
			children = (
				4CD839342489F3D2005B10A1 /* Info */,
				4C2EA239248785B300FE98C5 /* BusstopDetail */,
				4C5A5DEF248610C1001EA2CE /* Settings */,
				4C5A5DEC24860744001EA2CE /* Common */,
				4C14D09C247F9FC000A7DB2C /* RestaurantDetail */,
				4CC77648247F49B000EF5064 /* CulturalPropertyDetail */,
				4CC77647247F496D00EF5064 /* Map */,
			);
			path = Modules;
			sourceTree = "<group>";
		};
		4C1D6A6A247BE13B0017BE19 /* Router */ = {
			isa = PBXGroup;
			children = (
				4C1D6A6B247BE15C0017BE19 /* MapRouter.swift */,
				4CB8CCD0247BF25300B69BB2 /* CategoryRouter.swift */,
			);
			path = Router;
			sourceTree = "<group>";
		};
		4C2BA4292484D2AD0018B435 /* Entity */ = {
			isa = PBXGroup;
			children = (
				4C2BA42A2484D2D80018B435 /* CategoryButtonStatusTests.swift */,
				4C2BA42C2484D4130018B435 /* RestaurantsRequestSearchRangeTests.swift */,
				4C2BA42E2484D58F0018B435 /* CulturalPropertyMarkerEntityTests.swift */,
				4C2BA4302484D8C60018B435 /* BusstopMarkerEntityTests.swift */,
			);
			path = Entity;
			sourceTree = "<group>";
		};
		4C2EA239248785B300FE98C5 /* BusstopDetail */ = {
			isa = PBXGroup;
			children = (
				4C2EA23A248785C800FE98C5 /* BusstopDetailPresenterTests.swift */,
			);
			path = BusstopDetail;
			sourceTree = "<group>";
		};
		4C3F094424301AFE00FAEDC2 /* Common */ = {
			isa = PBXGroup;
			children = (
				4CF773DF241B97900032CC53 /* Assets.xcassets */,
				4CF773E1241B97900032CC53 /* LaunchScreen.storyboard */,
				4C41666924473E8F005EF1C2 /* Localize */,
				4CC1ADFB242459C900BF84B9 /* Extension */,
				4C4166512439D229005EF1C2 /* Interactor */,
				4C3F094524301B0800FAEDC2 /* Entity */,
			);
			path = Common;
			sourceTree = "<group>";
		};
		4C3F094524301B0800FAEDC2 /* Entity */ = {
			isa = PBXGroup;
			children = (
			);
			path = Entity;
			sourceTree = "<group>";
		};
		4C3F094924301B5900FAEDC2 /* Modules */ = {
			isa = PBXGroup;
			children = (
				4C41666224434E07005EF1C2 /* AppDependencies.swift */,
				4C4166492435ECD2005EF1C2 /* TabBarController.swift */,
				4CF4AFD22468232D00991B2C /* Common */,
				4C3F0952243020E500FAEDC2 /* Settings */,
				4C3F094B24301C3700FAEDC2 /* Info */,
				4CA84ACD2450365700DAC5F3 /* BusstopDetail */,
				4CA84B192464335A00DAC5F3 /* RestaurantDetail */,
				4CA84B022463132A00DAC5F3 /* CulturalPropertyDetail */,
				4C3F094A24301C0000FAEDC2 /* Map */,
			);
			path = Modules;
			sourceTree = "<group>";
		};
		4C3F094A24301C0000FAEDC2 /* Map */ = {
			isa = PBXGroup;
			children = (
				4CA84AEB24597FC600DAC5F3 /* Entity */,
				4C3F094F24301E7900FAEDC2 /* Interactor */,
				4C1D6A6A247BE13B0017BE19 /* Router */,
				4C3F095124301F8000FAEDC2 /* Presenter */,
				4CA84B0C2463C16500DAC5F3 /* Gateway */,
				4C3F094D24301E4F00FAEDC2 /* View */,
			);
			path = Map;
			sourceTree = "<group>";
		};
		4C3F094B24301C3700FAEDC2 /* Info */ = {
			isa = PBXGroup;
			children = (
				4C416659244174A2005EF1C2 /* Entity */,
				4C4166582441747A005EF1C2 /* Interactor */,
				4C41665D24417510005EF1C2 /* Router */,
				4C41665B244174EB005EF1C2 /* Presenter */,
				4C41666424448891005EF1C2 /* Gateway */,
				4C41665C24417505005EF1C2 /* View */,
			);
			path = Info;
			sourceTree = "<group>";
		};
		4C3F094D24301E4F00FAEDC2 /* View */ = {
			isa = PBXGroup;
			children = (
				4CBEA5EB2480843A008EF69D /* Category */,
				4CBEA5EA24808422008EF69D /* Map */,
			);
			path = View;
			sourceTree = "<group>";
		};
		4C3F094F24301E7900FAEDC2 /* Interactor */ = {
			isa = PBXGroup;
			children = (
				4C416654243FFA38005EF1C2 /* MapInteractor.swift */,
			);
			path = Interactor;
			sourceTree = "<group>";
		};
		4C3F095124301F8000FAEDC2 /* Presenter */ = {
			isa = PBXGroup;
			children = (
				4C13E72424849FD500337D26 /* ViewData */,
				4C4CA0C124258EC400C7AEAE /* MapPresenter.swift */,
				4C3652412479070800F53C52 /* CategoryPresenter.swift */,
			);
			path = Presenter;
			sourceTree = "<group>";
		};
		4C3F0952243020E500FAEDC2 /* Settings */ = {
			isa = PBXGroup;
			children = (
				4CF4B02E24789A3400991B2C /* Router */,
				4C3F0954243020FC00FAEDC2 /* Interactor */,
				4C3F0953243020F200FAEDC2 /* Presenter */,
				4C3F09552430210800FAEDC2 /* View */,
			);
			path = Settings;
			sourceTree = "<group>";
		};
		4C3F0953243020F200FAEDC2 /* Presenter */ = {
			isa = PBXGroup;
			children = (
				4CF4AFE5246E188800991B2C /* SettingsPresenter.swift */,
				4CF4B02A247899C400991B2C /* RestaurantsSearchSettingsPresenter.swift */,
				4CF4B0352478CD8000991B2C /* RestaurantsSearchRangeSettingPresenter.swift */,
				4CBA8F9A2485D4B500764B39 /* ViewData */,
			);
			path = Presenter;
			sourceTree = "<group>";
		};
		4C3F0954243020FC00FAEDC2 /* Interactor */ = {
			isa = PBXGroup;
			children = (
				4CF4AFF324716F8400991B2C /* SettingsInteractor.swift */,
			);
			path = Interactor;
			sourceTree = "<group>";
		};
		4C3F09552430210800FAEDC2 /* View */ = {
			isa = PBXGroup;
			children = (
				4CC1ADEE241FA55F00BF84B9 /* SettingsViewController.swift */,
				4CC1ADEC241FA3F500BF84B9 /* Settings.storyboard */,
				4CF4AFEB246EE17800991B2C /* RestaurantsSearchSettingsViewController.swift */,
				4CF4AFED246EE1A100991B2C /* SettingsRestaurantsSearch.storyboard */,
				4CF4AFEF2470AC4700991B2C /* RestaurantsSearchRangeSettingsViewController.swift */,
				4CF4AFF12470AC7A00991B2C /* SettingsRestaurantsSearchRange.storyboard */,
				4CF4AFE7246EDAAC00991B2C /* SettingsLicenseViewController.swift */,
				4CF4AFE9246EDACB00991B2C /* SettingsLicense.storyboard */,
			);
			path = View;
			sourceTree = "<group>";
		};
		4C4166512439D229005EF1C2 /* Interactor */ = {
			isa = PBXGroup;
			children = (
				4C4166522439D2DA005EF1C2 /* TranslatorInteractor.swift */,
			);
			path = Interactor;
			sourceTree = "<group>";
		};
		4C4166582441747A005EF1C2 /* Interactor */ = {
			isa = PBXGroup;
			children = (
				4CF668CD24336514006AB40C /* InfoInteractor.swift */,
			);
			path = Interactor;
			sourceTree = "<group>";
		};
		4C416659244174A2005EF1C2 /* Entity */ = {
			isa = PBXGroup;
			children = (
				4CC1ADE4241CC30900BF84B9 /* KyotoCityInfoEntity.swift */,
			);
			path = Entity;
			sourceTree = "<group>";
		};
		4C41665B244174EB005EF1C2 /* Presenter */ = {
			isa = PBXGroup;
			children = (
				4CF668CF24336C14006AB40C /* InfoPresenter.swift */,
				4CB8D21C2489E71200177A10 /* InfoCellViewData.swift */,
			);
			path = Presenter;
			sourceTree = "<group>";
		};
		4C41665C24417505005EF1C2 /* View */ = {
			isa = PBXGroup;
			children = (
				4CC1ADDC241BC68100BF84B9 /* InfoViewController.swift */,
				4C9CB8202489CD7300010956 /* InfoTableViewCell.xib */,
				4CC1ADD4241BAFCC00BF84B9 /* Info.storyboard */,
			);
			path = View;
			sourceTree = "<group>";
		};
		4C41665D24417510005EF1C2 /* Router */ = {
			isa = PBXGroup;
			children = (
				4C7F0341248A3FAF00B860ED /* InfoRouter.swift */,
			);
			path = Router;
			sourceTree = "<group>";
		};
		4C41666424448891005EF1C2 /* Gateway */ = {
			isa = PBXGroup;
			children = (
				4C41664F243964A4005EF1C2 /* KyotoCityInfoGateway.swift */,
			);
			path = Gateway;
			sourceTree = "<group>";
		};
		4C41666924473E8F005EF1C2 /* Localize */ = {
			isa = PBXGroup;
			children = (
				4CC1AE0F2424615D00BF84B9 /* Localizable.strings */,
			);
			path = Localize;
			sourceTree = "<group>";
		};
		4C5A5DEC24860744001EA2CE /* Common */ = {
			isa = PBXGroup;
			children = (
				4C13E72224849D0E00337D26 /* RestaurantsRequestParamGatewayStub.swift */,
			);
			path = Common;
			sourceTree = "<group>";
		};
		4C5A5DEF248610C1001EA2CE /* Settings */ = {
			isa = PBXGroup;
			children = (
				4C5A5DF0248610CF001EA2CE /* SettingsInteractorTests.swift */,
				4C2EA237248725B800FE98C5 /* RestaurantsSearchSettingsPresenterTests.swift */,
				4C2EA2332486813800FE98C5 /* SettingsPresenterTests.swift */,
				4C2EA23524868AF800FE98C5 /* RestaurantsSearchRangeSettingPresenterTests.swift */,
			);
			path = Settings;
			sourceTree = "<group>";
		};
		4CA84ACD2450365700DAC5F3 /* BusstopDetail */ = {
			isa = PBXGroup;
			children = (
				4CB9EFF0247EA56300B7398D /* Router */,
				4CA84AD02450368900DAC5F3 /* Presenter */,
				4CA84ACE2450367800DAC5F3 /* View */,
			);
			path = BusstopDetail;
			sourceTree = "<group>";
		};
		4CA84ACE2450367800DAC5F3 /* View */ = {
			isa = PBXGroup;
			children = (
				4CA84AD1245036DD00DAC5F3 /* BusstopDetailViewController.swift */,
				4CA84AD3245036F000DAC5F3 /* BusstopDetail.storyboard */,
			);
			path = View;
			sourceTree = "<group>";
		};
		4CA84AD02450368900DAC5F3 /* Presenter */ = {
			isa = PBXGroup;
			children = (
				4CB9EFEB247E4E6700B7398D /* BusstopDetailPresenter.swift */,
				4CB9EFEE247E8C2D00B7398D /* BusstopDetailViewData.swift */,
			);
			path = Presenter;
			sourceTree = "<group>";
		};
		4CA84AEB24597FC600DAC5F3 /* Entity */ = {
			isa = PBXGroup;
			children = (
				4CA84AFA246281F600DAC5F3 /* MarkerEntityProtocol.swift */,
				4CA84AFC246284EB00DAC5F3 /* MarkerCategory.swift */,
				4CA84AF82462817C00DAC5F3 /* BusstopMarkerEntity.swift */,
				4CA84AFE24628CAD00DAC5F3 /* CulturalPropertyMarkerEntity.swift */,
				4CA84B002462FDC900DAC5F3 /* BusRouteMarkerEntity.swift */,
				4CA84B15246408DE00DAC5F3 /* RestaurantMarkerEntity.swift */,
				4CA84B0F2463C3EF00DAC5F3 /* RestaurantsSearchResultEntity.swift */,
				4CA84B112464080A00DAC5F3 /* RestaurantEntity.swift */,
				4CF4AFD52469782700991B2C /* RestaurantsRequestParamEntity.swift */,
				4C5A33E62483F1150041FE48 /* CategoryButtonStatus.swift */,
			);
			path = Entity;
			sourceTree = "<group>";
		};
		4CA84B022463132A00DAC5F3 /* CulturalPropertyDetail */ = {
			isa = PBXGroup;
			children = (
				4CC77640247F3BEC00EF5064 /* Router */,
				4CC7763F247F3BBF00EF5064 /* Presenter */,
				4CA84B032463137100DAC5F3 /* View */,
			);
			path = CulturalPropertyDetail;
			sourceTree = "<group>";
		};
		4CA84B032463137100DAC5F3 /* View */ = {
			isa = PBXGroup;
			children = (
				4CA84B04246313A800DAC5F3 /* CulturalPropertyDetailViewController.swift */,
				4CA84B06246313C500DAC5F3 /* CulturalPropertyDetail.storyboard */,
			);
			path = View;
			sourceTree = "<group>";
		};
		4CA84B0C2463C16500DAC5F3 /* Gateway */ = {
			isa = PBXGroup;
			children = (
				4CA84B0D2463C1B600DAC5F3 /* RestaurantsSearchGateway.swift */,
			);
			path = Gateway;
			sourceTree = "<group>";
		};
		4CA84B192464335A00DAC5F3 /* RestaurantDetail */ = {
			isa = PBXGroup;
			children = (
				4C14D095247F6BA300A7DB2C /* Router */,
				4C14D094247F6B9B00A7DB2C /* Presenter */,
				4CA84B1A2464337200DAC5F3 /* View */,
			);
			path = RestaurantDetail;
			sourceTree = "<group>";
		};
		4CA84B1A2464337200DAC5F3 /* View */ = {
			isa = PBXGroup;
			children = (
				4CA84B1B2464339A00DAC5F3 /* RestaurantDetailViewController.swift */,
				4CA84B1D246433B800DAC5F3 /* RestaurantDetail.storyboard */,
			);
			path = View;
			sourceTree = "<group>";
		};
		4CB9EFF0247EA56300B7398D /* Router */ = {
			isa = PBXGroup;
			children = (
				4CB9EFF1247EA59A00B7398D /* BusstopDetailRouter.swift */,
			);
			path = Router;
			sourceTree = "<group>";
		};
		4CBA8F9A2485D4B500764B39 /* ViewData */ = {
			isa = PBXGroup;
			children = (
				4CF4B0182477A6B900991B2C /* RestaurantsSearchSettingsCellViewData.swift */,
				4CF4B01624776C0800991B2C /* RestaurantsSearchRangeCellViewData.swift */,
			);
			path = ViewData;
			sourceTree = "<group>";
		};
		4CBEA5EA24808422008EF69D /* Map */ = {
			isa = PBXGroup;
			children = (
				4C0CAECA242B992800EDCA82 /* MapView.swift */,
				4CC1ADD6241BB13700BF84B9 /* Map.storyboard */,
				4CF773EC241B9D910032CC53 /* MapViewController.swift */,
				4CF4AFD32468508800991B2C /* CustomMGLPointAnnotation.swift */,
				4C3C874D247D3FB600B5FF6F /* MapViewController+FloatingPanelControllerDelegate.swift */,
			);
			path = Map;
			sourceTree = "<group>";
		};
		4CBEA5EB2480843A008EF69D /* Category */ = {
			isa = PBXGroup;
			children = (
				4CA84AE72459246400DAC5F3 /* CategoryViewController.swift */,
				4C7F0344248A654600B860ED /* CategoryTableViewCell.xib */,
				4CA84AE92459247F00DAC5F3 /* Category.storyboard */,
				4CA84B0A246398A400DAC5F3 /* CustomFloatingPanelLayout.swift */,
			);
			path = Category;
			sourceTree = "<group>";
		};
		4CC1ADFB242459C900BF84B9 /* Extension */ = {
			isa = PBXGroup;
			children = (
				4CC1ADFC242459EE00BF84B9 /* StringExtension.swift */,
			);
			path = Extension;
			sourceTree = "<group>";
		};
		4CC7763F247F3BBF00EF5064 /* Presenter */ = {
			isa = PBXGroup;
			children = (
				4CC77641247F3C0700EF5064 /* CulturalPropertyDetailPresenter.swift */,
				4CC77645247F3D0D00EF5064 /* CulturalPropertyDetailViewData.swift */,
			);
			path = Presenter;
			sourceTree = "<group>";
		};
		4CC77640247F3BEC00EF5064 /* Router */ = {
			isa = PBXGroup;
			children = (
				4CC77643247F3C2800EF5064 /* CulturalPropertyDetailRouter.swift */,
			);
			path = Router;
			sourceTree = "<group>";
		};
		4CC77647247F496D00EF5064 /* Map */ = {
			isa = PBXGroup;
			children = (
				4CF4B0092472C9A600991B2C /* MapInteractorTests.swift */,
				4C13E72024849C7200337D26 /* RestaurantsSearchGatewayStub.swift */,
				4C2BA4272484C9D10018B435 /* gnaviAPIDummyResponse.json */,
				4C2BA4292484D2AD0018B435 /* Entity */,
			);
			path = Map;
			sourceTree = "<group>";
		};
		4CC77648247F49B000EF5064 /* CulturalPropertyDetail */ = {
			isa = PBXGroup;
			children = (
				4CC77649247F49CF00EF5064 /* CulturalPropertyDetailPresenterTest.swift */,
			);
			path = CulturalPropertyDetail;
			sourceTree = "<group>";
		};
		4CD839342489F3D2005B10A1 /* Info */ = {
			isa = PBXGroup;
			children = (
				4CD839352489F5A3005B10A1 /* KyotoCityInfoGatewayStub.swift */,
				4C7BC1F52489F7E900A5C394 /* InfoInteractorTests.swift */,
				4C7BC1F7248A1CBC00A5C394 /* InfoPresenterTests.swift */,
				4C7BC1F9248A232A00A5C394 /* InfoCellViewDataTests.swift */,
			);
			path = Info;
			sourceTree = "<group>";
		};
		4CF4AFD22468232D00991B2C /* Common */ = {
			isa = PBXGroup;
			children = (
				4C416666244495C2005EF1C2 /* DependencyInjectable.swift */,
				4CF4B0332478AB8F00991B2C /* TransitionerProtocol.swift */,
				4CF4B0132475735B00991B2C /* RestaurantsRequestParamGateway.swift */,
				4CFF7F2F2486188E005DCF19 /* RestaurantsRequestSearchRange.swift */,
			);
			path = Common;
			sourceTree = "<group>";
		};
		4CF4B0082472C9A600991B2C /* KyotoTripTests */ = {
			isa = PBXGroup;
			children = (
				4C14D0A3247FA5AC00A7DB2C /* Modules */,
				4C14D09F247FA57E00A7DB2C /* Common */,
				4CF4B00B2472C9A600991B2C /* Info.plist */,
			);
			path = KyotoTripTests;
			sourceTree = "<group>";
		};
		4CF4B02E24789A3400991B2C /* Router */ = {
			isa = PBXGroup;
			children = (
				4CF4B02F24789A4700991B2C /* RestaurantsSearchSettingsRouter.swift */,
				4CFF123B2487E2D4002F23CB /* SettingsRouter.swift */,
				4CF4B03C2478CEA900991B2C /* RestaurantsSearchRangeSettingRouter.swift */,
			);
			path = Router;
			sourceTree = "<group>";
		};
		4CF773CA241B978B0032CC53 = {
			isa = PBXGroup;
			children = (
				4CF773D5241B978B0032CC53 /* KyotoTrip */,
				4CF4B0082472C9A600991B2C /* KyotoTripTests */,
				4CF773D4241B978B0032CC53 /* Products */,
				B6ED623E472FE8ADDCD2DB69 /* Pods */,
				5357FEEC9C8658B26DD5AC66 /* Frameworks */,
			);
			sourceTree = "<group>";
		};
		4CF773D4241B978B0032CC53 /* Products */ = {
			isa = PBXGroup;
			children = (
				4CF773D3241B978B0032CC53 /* KyotoTrip.app */,
				4CF4B0072472C9A600991B2C /* KyotoTripTests.xctest */,
			);
			name = Products;
			sourceTree = "<group>";
		};
		4CF773D5241B978B0032CC53 /* KyotoTrip */ = {
			isa = PBXGroup;
			children = (
				4CF773D6241B978B0032CC53 /* AppDelegate.swift */,
				4CF773D8241B978B0032CC53 /* SceneDelegate.swift */,
				4C3F094424301AFE00FAEDC2 /* Common */,
				4C3F094924301B5900FAEDC2 /* Modules */,
				4CF773E4241B97900032CC53 /* Info.plist */,
				4C0CAEC62429735200EDCA82 /* GoogleService-Info.plist */,
			);
			path = KyotoTrip;
			sourceTree = "<group>";
		};
		5357FEEC9C8658B26DD5AC66 /* Frameworks */ = {
			isa = PBXGroup;
			children = (
				404C686A5820008C031B2607 /* Pods_KyotoTrip.framework */,
				2EB67A8DF6CA67FB2B023127 /* Pods_KyotoTripTests.framework */,
			);
			name = Frameworks;
			sourceTree = "<group>";
		};
		B6ED623E472FE8ADDCD2DB69 /* Pods */ = {
			isa = PBXGroup;
			children = (
				BB09C1A28A717DE8ACC178D9 /* Pods-KyotoTrip.debug.xcconfig */,
				204C325FD10BE0F143E5B29D /* Pods-KyotoTrip.release.xcconfig */,
				20FFEE00A95D9C9A5DE9EED9 /* Pods-KyotoTripTests.debug.xcconfig */,
				E50141F456326EA63F822DCF /* Pods-KyotoTripTests.release.xcconfig */,
			);
			name = Pods;
			sourceTree = "<group>";
		};
/* End PBXGroup section */

/* Begin PBXNativeTarget section */
		4CF4B0062472C9A600991B2C /* KyotoTripTests */ = {
			isa = PBXNativeTarget;
			buildConfigurationList = 4CF4B0102472C9A600991B2C /* Build configuration list for PBXNativeTarget "KyotoTripTests" */;
			buildPhases = (
				617BF220473C6E5BF80804EC /* [CP] Check Pods Manifest.lock */,
				4CF4B0032472C9A600991B2C /* Sources */,
				4CF4B0042472C9A600991B2C /* Frameworks */,
				4CF4B0052472C9A600991B2C /* Resources */,
				40EDC8767A6B091657663780 /* [CP] Embed Pods Frameworks */,
				BBADA29C740E25BFA3E7B5F4 /* [CP] Copy Pods Resources */,
			);
			buildRules = (
			);
			dependencies = (
				4CF4B00D2472C9A600991B2C /* PBXTargetDependency */,
			);
			name = KyotoTripTests;
			productName = KyotoTripTests;
			productReference = 4CF4B0072472C9A600991B2C /* KyotoTripTests.xctest */;
			productType = "com.apple.product-type.bundle.unit-test";
		};
		4CF773D2241B978B0032CC53 /* KyotoTrip */ = {
			isa = PBXNativeTarget;
			buildConfigurationList = 4CF773E7241B97900032CC53 /* Build configuration list for PBXNativeTarget "KyotoTrip" */;
			buildPhases = (
				BB8A8B390A39850524614A4A /* [CP] Check Pods Manifest.lock */,
				4CF773CF241B978B0032CC53 /* Sources */,
				4CF773D0241B978B0032CC53 /* Frameworks */,
				4CF773D1241B978B0032CC53 /* Resources */,
				80F3E6275C18DC8CFF9E753A /* [CP] Embed Pods Frameworks */,
				02F26CAF8E48A753BB1F62C3 /* [CP] Copy Pods Resources */,
			);
			buildRules = (
			);
			dependencies = (
			);
			name = KyotoTrip;
			productName = KyotoTrip;
			productReference = 4CF773D3241B978B0032CC53 /* KyotoTrip.app */;
			productType = "com.apple.product-type.application";
		};
/* End PBXNativeTarget section */

/* Begin PBXProject section */
		4CF773CB241B978B0032CC53 /* Project object */ = {
			isa = PBXProject;
			attributes = {
				LastSwiftUpdateCheck = 1130;
				LastUpgradeCheck = 1100;
				ORGANIZATIONNAME = "TANAKA MASAYUKI";
				TargetAttributes = {
					4CF4B0062472C9A600991B2C = {
						CreatedOnToolsVersion = 11.3.1;
						TestTargetID = 4CF773D2241B978B0032CC53;
					};
					4CF773D2241B978B0032CC53 = {
						CreatedOnToolsVersion = 11.0;
					};
				};
			};
			buildConfigurationList = 4CF773CE241B978B0032CC53 /* Build configuration list for PBXProject "KyotoTrip" */;
			compatibilityVersion = "Xcode 9.3";
			developmentRegion = en;
			hasScannedForEncodings = 0;
			knownRegions = (
				en,
				Base,
				ja,
			);
			mainGroup = 4CF773CA241B978B0032CC53;
			productRefGroup = 4CF773D4241B978B0032CC53 /* Products */;
			projectDirPath = "";
			projectRoot = "";
			targets = (
				4CF773D2241B978B0032CC53 /* KyotoTrip */,
				4CF4B0062472C9A600991B2C /* KyotoTripTests */,
			);
		};
/* End PBXProject section */

/* Begin PBXResourcesBuildPhase section */
		4CF4B0052472C9A600991B2C /* Resources */ = {
			isa = PBXResourcesBuildPhase;
			buildActionMask = 2147483647;
			files = (
			);
			runOnlyForDeploymentPostprocessing = 0;
		};
		4CF773D1241B978B0032CC53 /* Resources */ = {
			isa = PBXResourcesBuildPhase;
			buildActionMask = 2147483647;
			files = (
				4CA84AEA2459247F00DAC5F3 /* Category.storyboard in Resources */,
				4CF4AFEE246EE1A100991B2C /* SettingsRestaurantsSearch.storyboard in Resources */,
				4CF773E3241B97900032CC53 /* LaunchScreen.storyboard in Resources */,
				4CC1ADD5241BAFCC00BF84B9 /* Info.storyboard in Resources */,
				4C2BA4282484C9D10018B435 /* gnaviAPIDummyResponse.json in Resources */,
				4CA84AD4245036F000DAC5F3 /* BusstopDetail.storyboard in Resources */,
				4CF773E0241B97900032CC53 /* Assets.xcassets in Resources */,
				4CC1AE0D2424615D00BF84B9 /* Localizable.strings in Resources */,
				4CC1ADD7241BB13700BF84B9 /* Map.storyboard in Resources */,
				4CF4AFF22470AC7A00991B2C /* SettingsRestaurantsSearchRange.storyboard in Resources */,
				4CF4AFEA246EDACB00991B2C /* SettingsLicense.storyboard in Resources */,
				4CA84B1E246433B800DAC5F3 /* RestaurantDetail.storyboard in Resources */,
				4CA84B07246313C500DAC5F3 /* CulturalPropertyDetail.storyboard in Resources */,
				4C9CB8222489CD7300010956 /* InfoTableViewCell.xib in Resources */,
				4C7F0346248A654600B860ED /* CategoryTableViewCell.xib in Resources */,
				4C0CAEC72429735300EDCA82 /* GoogleService-Info.plist in Resources */,
				4CC1ADED241FA3F500BF84B9 /* Settings.storyboard in Resources */,
			);
			runOnlyForDeploymentPostprocessing = 0;
		};
/* End PBXResourcesBuildPhase section */

/* Begin PBXShellScriptBuildPhase section */
		02F26CAF8E48A753BB1F62C3 /* [CP] Copy Pods Resources */ = {
			isa = PBXShellScriptBuildPhase;
			buildActionMask = 2147483647;
			files = (
			);
			inputFileListPaths = (
				"${PODS_ROOT}/Target Support Files/Pods-KyotoTrip/Pods-KyotoTrip-resources-${CONFIGURATION}-input-files.xcfilelist",
			);
			name = "[CP] Copy Pods Resources";
			outputFileListPaths = (
				"${PODS_ROOT}/Target Support Files/Pods-KyotoTrip/Pods-KyotoTrip-resources-${CONFIGURATION}-output-files.xcfilelist",
			);
			runOnlyForDeploymentPostprocessing = 0;
			shellPath = /bin/sh;
			shellScript = "\"${PODS_ROOT}/Target Support Files/Pods-KyotoTrip/Pods-KyotoTrip-resources.sh\"\n";
			showEnvVarsInLog = 0;
		};
		40EDC8767A6B091657663780 /* [CP] Embed Pods Frameworks */ = {
			isa = PBXShellScriptBuildPhase;
			buildActionMask = 2147483647;
			files = (
			);
			inputFileListPaths = (
				"${PODS_ROOT}/Target Support Files/Pods-KyotoTripTests/Pods-KyotoTripTests-frameworks-${CONFIGURATION}-input-files.xcfilelist",
			);
			name = "[CP] Embed Pods Frameworks";
			outputFileListPaths = (
				"${PODS_ROOT}/Target Support Files/Pods-KyotoTripTests/Pods-KyotoTripTests-frameworks-${CONFIGURATION}-output-files.xcfilelist",
			);
			runOnlyForDeploymentPostprocessing = 0;
			shellPath = /bin/sh;
			shellScript = "\"${PODS_ROOT}/Target Support Files/Pods-KyotoTripTests/Pods-KyotoTripTests-frameworks.sh\"\n";
			showEnvVarsInLog = 0;
		};
		617BF220473C6E5BF80804EC /* [CP] Check Pods Manifest.lock */ = {
			isa = PBXShellScriptBuildPhase;
			buildActionMask = 2147483647;
			files = (
			);
			inputPaths = (
				"${PODS_PODFILE_DIR_PATH}/Podfile.lock",
				"${PODS_ROOT}/Manifest.lock",
			);
			name = "[CP] Check Pods Manifest.lock";
			outputPaths = (
				"$(DERIVED_FILE_DIR)/Pods-KyotoTripTests-checkManifestLockResult.txt",
			);
			runOnlyForDeploymentPostprocessing = 0;
			shellPath = /bin/sh;
			shellScript = "diff \"${PODS_PODFILE_DIR_PATH}/Podfile.lock\" \"${PODS_ROOT}/Manifest.lock\" > /dev/null\nif [ $? != 0 ] ; then\n    # print error to STDERR\n    echo \"error: The sandbox is not in sync with the Podfile.lock. Run 'pod install' or update your CocoaPods installation.\" >&2\n    exit 1\nfi\n# This output is used by Xcode 'outputs' to avoid re-running this script phase.\necho \"SUCCESS\" > \"${SCRIPT_OUTPUT_FILE_0}\"\n";
			showEnvVarsInLog = 0;
		};
		80F3E6275C18DC8CFF9E753A /* [CP] Embed Pods Frameworks */ = {
			isa = PBXShellScriptBuildPhase;
			buildActionMask = 2147483647;
			files = (
			);
			inputFileListPaths = (
				"${PODS_ROOT}/Target Support Files/Pods-KyotoTrip/Pods-KyotoTrip-frameworks-${CONFIGURATION}-input-files.xcfilelist",
			);
			name = "[CP] Embed Pods Frameworks";
			outputFileListPaths = (
				"${PODS_ROOT}/Target Support Files/Pods-KyotoTrip/Pods-KyotoTrip-frameworks-${CONFIGURATION}-output-files.xcfilelist",
			);
			runOnlyForDeploymentPostprocessing = 0;
			shellPath = /bin/sh;
			shellScript = "\"${PODS_ROOT}/Target Support Files/Pods-KyotoTrip/Pods-KyotoTrip-frameworks.sh\"\n";
			showEnvVarsInLog = 0;
		};
		BB8A8B390A39850524614A4A /* [CP] Check Pods Manifest.lock */ = {
			isa = PBXShellScriptBuildPhase;
			buildActionMask = 2147483647;
			files = (
			);
			inputPaths = (
				"${PODS_PODFILE_DIR_PATH}/Podfile.lock",
				"${PODS_ROOT}/Manifest.lock",
			);
			name = "[CP] Check Pods Manifest.lock";
			outputPaths = (
				"$(DERIVED_FILE_DIR)/Pods-KyotoTrip-checkManifestLockResult.txt",
			);
			runOnlyForDeploymentPostprocessing = 0;
			shellPath = /bin/sh;
			shellScript = "diff \"${PODS_PODFILE_DIR_PATH}/Podfile.lock\" \"${PODS_ROOT}/Manifest.lock\" > /dev/null\nif [ $? != 0 ] ; then\n    # print error to STDERR\n    echo \"error: The sandbox is not in sync with the Podfile.lock. Run 'pod install' or update your CocoaPods installation.\" >&2\n    exit 1\nfi\n# This output is used by Xcode 'outputs' to avoid re-running this script phase.\necho \"SUCCESS\" > \"${SCRIPT_OUTPUT_FILE_0}\"\n";
			showEnvVarsInLog = 0;
		};
		BBADA29C740E25BFA3E7B5F4 /* [CP] Copy Pods Resources */ = {
			isa = PBXShellScriptBuildPhase;
			buildActionMask = 2147483647;
			files = (
			);
			inputFileListPaths = (
				"${PODS_ROOT}/Target Support Files/Pods-KyotoTripTests/Pods-KyotoTripTests-resources-${CONFIGURATION}-input-files.xcfilelist",
			);
			name = "[CP] Copy Pods Resources";
			outputFileListPaths = (
				"${PODS_ROOT}/Target Support Files/Pods-KyotoTripTests/Pods-KyotoTripTests-resources-${CONFIGURATION}-output-files.xcfilelist",
			);
			runOnlyForDeploymentPostprocessing = 0;
			shellPath = /bin/sh;
			shellScript = "\"${PODS_ROOT}/Target Support Files/Pods-KyotoTripTests/Pods-KyotoTripTests-resources.sh\"\n";
			showEnvVarsInLog = 0;
		};
/* End PBXShellScriptBuildPhase section */

/* Begin PBXSourcesBuildPhase section */
		4CF4B0032472C9A600991B2C /* Sources */ = {
			isa = PBXSourcesBuildPhase;
			buildActionMask = 2147483647;
			files = (
				4C2EA238248725B800FE98C5 /* RestaurantsSearchSettingsPresenterTests.swift in Sources */,
				4C14D0A2247FA5A200A7DB2C /* StringExtensionTest.swift in Sources */,
				4C2BA42F2484D58F0018B435 /* CulturalPropertyMarkerEntityTests.swift in Sources */,
				4C2BA42B2484D2D80018B435 /* CategoryButtonStatusTests.swift in Sources */,
				4CD839362489F5A3005B10A1 /* KyotoCityInfoGatewayStub.swift in Sources */,
				4C2EA2342486813800FE98C5 /* SettingsPresenterTests.swift in Sources */,
				4CF4B00A2472C9A600991B2C /* MapInteractorTests.swift in Sources */,
				4C13E72124849C7200337D26 /* RestaurantsSearchGatewayStub.swift in Sources */,
				4C14D09E247F9FEC00A7DB2C /* RestaurantDetailPresenterTest.swift in Sources */,
				4C2BA42D2484D4130018B435 /* RestaurantsRequestSearchRangeTests.swift in Sources */,
				4C7BC1F8248A1CBC00A5C394 /* InfoPresenterTests.swift in Sources */,
				4C5A5DF1248610CF001EA2CE /* SettingsInteractorTests.swift in Sources */,
				4C2BA4312484D8C60018B435 /* BusstopMarkerEntityTests.swift in Sources */,
				4C2EA23B248785C800FE98C5 /* BusstopDetailPresenterTests.swift in Sources */,
				4CC7764A247F49CF00EF5064 /* CulturalPropertyDetailPresenterTest.swift in Sources */,
				4C2EA23624868AF800FE98C5 /* RestaurantsSearchRangeSettingPresenterTests.swift in Sources */,
				4C7BC1F62489F7E900A5C394 /* InfoInteractorTests.swift in Sources */,
				4C7BC1FA248A232A00A5C394 /* InfoCellViewDataTests.swift in Sources */,
				4C13E72324849D0E00337D26 /* RestaurantsRequestParamGatewayStub.swift in Sources */,
			);
			runOnlyForDeploymentPostprocessing = 0;
		};
		4CF773CF241B978B0032CC53 /* Sources */ = {
			isa = PBXSourcesBuildPhase;
			buildActionMask = 2147483647;
			files = (
				4CF4B03024789A4700991B2C /* RestaurantsSearchSettingsRouter.swift in Sources */,
				4CF773D7241B978B0032CC53 /* AppDelegate.swift in Sources */,
				4C4166532439D2DA005EF1C2 /* TranslatorInteractor.swift in Sources */,
				4CA84AF724619A4C00DAC5F3 /* UserPosition.swift in Sources */,
				4CB3CEB424852D1C0013DC3D /* MarkerViewDataProtocol.swift in Sources */,
				4CF4AFE8246EDAAC00991B2C /* SettingsLicenseViewController.swift in Sources */,
				4C3C874E247D3FB600B5FF6F /* MapViewController+FloatingPanelControllerDelegate.swift in Sources */,
				4CB3CEB624852D920013DC3D /* BusstopMarkerViewData.swift in Sources */,
				4CA84AF92462817C00DAC5F3 /* BusstopMarkerEntity.swift in Sources */,
				4CB9EFEF247E8C2D00B7398D /* BusstopDetailViewData.swift in Sources */,
				4CA84AFF24628CAD00DAC5F3 /* CulturalPropertyMarkerEntity.swift in Sources */,
				4CA84B16246408DE00DAC5F3 /* RestaurantMarkerEntity.swift in Sources */,
				4CA84AFB246281F600DAC5F3 /* MarkerEntityProtocol.swift in Sources */,
				4CA84B012462FDC900DAC5F3 /* BusRouteMarkerEntity.swift in Sources */,
				4CA84B102463C3EF00DAC5F3 /* RestaurantsSearchResultEntity.swift in Sources */,
				4C3652422479070800F53C52 /* CategoryPresenter.swift in Sources */,
				4C41664A2435ECD2005EF1C2 /* TabBarController.swift in Sources */,
				4C14D09B247F6F1900A7DB2C /* RestaurantDetailViewData.swift in Sources */,
				4C0CAECB242B992800EDCA82 /* MapView.swift in Sources */,
				4CF4B02B247899C400991B2C /* RestaurantsSearchSettingsPresenter.swift in Sources */,
				4CF4AFD62469782700991B2C /* RestaurantsRequestParamEntity.swift in Sources */,
				4CC1ADFD242459EE00BF84B9 /* StringExtension.swift in Sources */,
				4CB3CEB824852E320013DC3D /* CulturalPropertyMarkerViewData.swift in Sources */,
				4C41666324434E07005EF1C2 /* AppDependencies.swift in Sources */,
				4CC1ADEF241FA55F00BF84B9 /* SettingsViewController.swift in Sources */,
				4CF773D9241B978B0032CC53 /* SceneDelegate.swift in Sources */,
				4CA84AFD246284EB00DAC5F3 /* MarkerCategory.swift in Sources */,
				4CB8CCD1247BF25300B69BB2 /* CategoryRouter.swift in Sources */,
				4CB9EFEC247E4E6700B7398D /* BusstopDetailPresenter.swift in Sources */,
				4CB3CEBA24852E4A0013DC3D /* RestaurantMarkerViewData.swift in Sources */,
				4C4CA0C224258EC400C7AEAE /* MapPresenter.swift in Sources */,
				4C7F0342248A3FAF00B860ED /* InfoRouter.swift in Sources */,
				4C14D097247F6BDE00A7DB2C /* RestaurantDetailPresenter.swift in Sources */,
				4CF4AFEC246EE17800991B2C /* RestaurantsSearchSettingsViewController.swift in Sources */,
				4CC1ADDD241BC68100BF84B9 /* InfoViewController.swift in Sources */,
				4C416667244495C2005EF1C2 /* DependencyInjectable.swift in Sources */,
				4CF773ED241B9D910032CC53 /* MapViewController.swift in Sources */,
				4CA84B0B246398A400DAC5F3 /* CustomFloatingPanelLayout.swift in Sources */,
				4CF4AFF424716F8400991B2C /* SettingsInteractor.swift in Sources */,
				4CE16C412480D9A6006EBD39 /* CategoryCellViewData.swift in Sources */,
				4CF668D024336C14006AB40C /* InfoPresenter.swift in Sources */,
				4C14D099247F6BF200A7DB2C /* RestaurantDetailRouter.swift in Sources */,
				4CF4B0362478CD8000991B2C /* RestaurantsSearchRangeSettingPresenter.swift in Sources */,
				4C1D6A6C247BE15C0017BE19 /* MapRouter.swift in Sources */,
				4CF4AFF02470AC4700991B2C /* RestaurantsSearchRangeSettingsViewController.swift in Sources */,
				4CC77644247F3C2800EF5064 /* CulturalPropertyDetailRouter.swift in Sources */,
				4C416650243964A4005EF1C2 /* KyotoCityInfoGateway.swift in Sources */,
				4CA84AE82459246400DAC5F3 /* CategoryViewController.swift in Sources */,
				4CF4B01724776C0800991B2C /* RestaurantsSearchRangeCellViewData.swift in Sources */,
				4CA84B122464080A00DAC5F3 /* RestaurantEntity.swift in Sources */,
				4CF4B03D2478CEA900991B2C /* RestaurantsSearchRangeSettingRouter.swift in Sources */,
				4CF4B0142475735C00991B2C /* RestaurantsRequestParamGateway.swift in Sources */,
				4CF4AFE6246E188800991B2C /* SettingsPresenter.swift in Sources */,
				4C5A33E72483F1150041FE48 /* CategoryButtonStatus.swift in Sources */,
				4CF4B0342478AB8F00991B2C /* TransitionerProtocol.swift in Sources */,
				4CB9EFF2247EA59A00B7398D /* BusstopDetailRouter.swift in Sources */,
				4C416655243FFA38005EF1C2 /* MapInteractor.swift in Sources */,
				4CC1ADE5241CC30900BF84B9 /* KyotoCityInfoEntity.swift in Sources */,
				4CFF123C2487E2D4002F23CB /* SettingsRouter.swift in Sources */,
				4CA84AD2245036DD00DAC5F3 /* BusstopDetailViewController.swift in Sources */,
				4CA84B0E2463C1B600DAC5F3 /* RestaurantsSearchGateway.swift in Sources */,
				4CB8D21D2489E71200177A10 /* InfoCellViewData.swift in Sources */,
				4CA84B05246313A800DAC5F3 /* CulturalPropertyDetailViewController.swift in Sources */,
				4CC77646247F3D0D00EF5064 /* CulturalPropertyDetailViewData.swift in Sources */,
				4CC77642247F3C0700EF5064 /* CulturalPropertyDetailPresenter.swift in Sources */,
				4CA84B1C2464339A00DAC5F3 /* RestaurantDetailViewController.swift in Sources */,
				4CF4B0192477A6B900991B2C /* RestaurantsSearchSettingsCellViewData.swift in Sources */,
				4CFF7F302486188E005DCF19 /* RestaurantsRequestSearchRange.swift in Sources */,
				4CF4AFD42468508800991B2C /* CustomMGLPointAnnotation.swift in Sources */,
				4CE4A0FF2483E72600E30B3A /* CategoryButtonsStatusViewData.swift in Sources */,
				4CF668CE24336514006AB40C /* InfoInteractor.swift in Sources */,
			);
			runOnlyForDeploymentPostprocessing = 0;
		};
/* End PBXSourcesBuildPhase section */

/* Begin PBXTargetDependency section */
		4CF4B00D2472C9A600991B2C /* PBXTargetDependency */ = {
			isa = PBXTargetDependency;
			target = 4CF773D2241B978B0032CC53 /* KyotoTrip */;
			targetProxy = 4CF4B00C2472C9A600991B2C /* PBXContainerItemProxy */;
		};
/* End PBXTargetDependency section */

/* Begin PBXVariantGroup section */
		4CC1AE0F2424615D00BF84B9 /* Localizable.strings */ = {
			isa = PBXVariantGroup;
			children = (
				4CC1AE142424622400BF84B9 /* ja */,
				4CC1AE162424650600BF84B9 /* en */,
			);
			name = Localizable.strings;
			sourceTree = "<group>";
		};
		4CF773E1241B97900032CC53 /* LaunchScreen.storyboard */ = {
			isa = PBXVariantGroup;
			children = (
				4CF773E2241B97900032CC53 /* Base */,
			);
			name = LaunchScreen.storyboard;
			sourceTree = "<group>";
		};
/* End PBXVariantGroup section */

/* Begin XCBuildConfiguration section */
		4CF4B00E2472C9A600991B2C /* Debug */ = {
			isa = XCBuildConfiguration;
			baseConfigurationReference = 20FFEE00A95D9C9A5DE9EED9 /* Pods-KyotoTripTests.debug.xcconfig */;
			buildSettings = {
				BUNDLE_LOADER = "$(TEST_HOST)";
				CODE_SIGN_STYLE = Automatic;
				DEVELOPMENT_TEAM = L8ZGX2885D;
				INFOPLIST_FILE = KyotoTripTests/Info.plist;
				IPHONEOS_DEPLOYMENT_TARGET = 13.2;
				LD_RUNPATH_SEARCH_PATHS = (
					"$(inherited)",
					"@executable_path/Frameworks",
					"@loader_path/Frameworks",
				);
				PRODUCT_BUNDLE_IDENTIFIER = com.masaytan.KyotoTripTests;
				PRODUCT_NAME = "$(TARGET_NAME)";
				SWIFT_VERSION = 5.0;
				TARGETED_DEVICE_FAMILY = "1,2";
				TEST_HOST = "$(BUILT_PRODUCTS_DIR)/KyotoTrip.app/KyotoTrip";
			};
			name = Debug;
		};
		4CF4B00F2472C9A600991B2C /* Release */ = {
			isa = XCBuildConfiguration;
			baseConfigurationReference = E50141F456326EA63F822DCF /* Pods-KyotoTripTests.release.xcconfig */;
			buildSettings = {
				BUNDLE_LOADER = "$(TEST_HOST)";
				CODE_SIGN_STYLE = Automatic;
				DEVELOPMENT_TEAM = L8ZGX2885D;
				INFOPLIST_FILE = KyotoTripTests/Info.plist;
				IPHONEOS_DEPLOYMENT_TARGET = 13.2;
				LD_RUNPATH_SEARCH_PATHS = (
					"$(inherited)",
					"@executable_path/Frameworks",
					"@loader_path/Frameworks",
				);
				PRODUCT_BUNDLE_IDENTIFIER = com.masaytan.KyotoTripTests;
				PRODUCT_NAME = "$(TARGET_NAME)";
				SWIFT_VERSION = 5.0;
				TARGETED_DEVICE_FAMILY = "1,2";
				TEST_HOST = "$(BUILT_PRODUCTS_DIR)/KyotoTrip.app/KyotoTrip";
			};
			name = Release;
		};
		4CF773E5241B97900032CC53 /* Debug */ = {
			isa = XCBuildConfiguration;
			buildSettings = {
				ALWAYS_SEARCH_USER_PATHS = NO;
				CLANG_ANALYZER_LOCALIZABILITY_NONLOCALIZED = YES;
				CLANG_ANALYZER_NONNULL = YES;
				CLANG_ANALYZER_NUMBER_OBJECT_CONVERSION = YES_AGGRESSIVE;
				CLANG_CXX_LANGUAGE_STANDARD = "gnu++14";
				CLANG_CXX_LIBRARY = "libc++";
				CLANG_ENABLE_MODULES = YES;
				CLANG_ENABLE_OBJC_ARC = YES;
				CLANG_ENABLE_OBJC_WEAK = YES;
				CLANG_WARN_BLOCK_CAPTURE_AUTORELEASING = YES;
				CLANG_WARN_BOOL_CONVERSION = YES;
				CLANG_WARN_COMMA = YES;
				CLANG_WARN_CONSTANT_CONVERSION = YES;
				CLANG_WARN_DEPRECATED_OBJC_IMPLEMENTATIONS = YES;
				CLANG_WARN_DIRECT_OBJC_ISA_USAGE = YES_ERROR;
				CLANG_WARN_DOCUMENTATION_COMMENTS = YES;
				CLANG_WARN_EMPTY_BODY = YES;
				CLANG_WARN_ENUM_CONVERSION = YES;
				CLANG_WARN_INFINITE_RECURSION = YES;
				CLANG_WARN_INT_CONVERSION = YES;
				CLANG_WARN_NON_LITERAL_NULL_CONVERSION = YES;
				CLANG_WARN_OBJC_IMPLICIT_RETAIN_SELF = YES;
				CLANG_WARN_OBJC_LITERAL_CONVERSION = YES;
				CLANG_WARN_OBJC_ROOT_CLASS = YES_ERROR;
				CLANG_WARN_RANGE_LOOP_ANALYSIS = YES;
				CLANG_WARN_STRICT_PROTOTYPES = YES;
				CLANG_WARN_SUSPICIOUS_MOVE = YES;
				CLANG_WARN_UNGUARDED_AVAILABILITY = YES_AGGRESSIVE;
				CLANG_WARN_UNREACHABLE_CODE = YES;
				CLANG_WARN__DUPLICATE_METHOD_MATCH = YES;
				COPY_PHASE_STRIP = NO;
				DEBUG_INFORMATION_FORMAT = dwarf;
				ENABLE_STRICT_OBJC_MSGSEND = YES;
				ENABLE_TESTABILITY = YES;
				GCC_C_LANGUAGE_STANDARD = gnu11;
				GCC_DYNAMIC_NO_PIC = NO;
				GCC_NO_COMMON_BLOCKS = YES;
				GCC_OPTIMIZATION_LEVEL = 0;
				GCC_PREPROCESSOR_DEFINITIONS = (
					"DEBUG=1",
					"$(inherited)",
				);
				GCC_WARN_64_TO_32_BIT_CONVERSION = YES;
				GCC_WARN_ABOUT_RETURN_TYPE = YES_ERROR;
				GCC_WARN_UNDECLARED_SELECTOR = YES;
				GCC_WARN_UNINITIALIZED_AUTOS = YES_AGGRESSIVE;
				GCC_WARN_UNUSED_FUNCTION = YES;
				GCC_WARN_UNUSED_VARIABLE = YES;
				IPHONEOS_DEPLOYMENT_TARGET = 13.0;
				MTL_ENABLE_DEBUG_INFO = INCLUDE_SOURCE;
				MTL_FAST_MATH = YES;
				ONLY_ACTIVE_ARCH = YES;
				SDKROOT = iphoneos;
				SWIFT_ACTIVE_COMPILATION_CONDITIONS = DEBUG;
				SWIFT_OPTIMIZATION_LEVEL = "-Onone";
			};
			name = Debug;
		};
		4CF773E6241B97900032CC53 /* Release */ = {
			isa = XCBuildConfiguration;
			buildSettings = {
				ALWAYS_SEARCH_USER_PATHS = NO;
				CLANG_ANALYZER_LOCALIZABILITY_NONLOCALIZED = YES;
				CLANG_ANALYZER_NONNULL = YES;
				CLANG_ANALYZER_NUMBER_OBJECT_CONVERSION = YES_AGGRESSIVE;
				CLANG_CXX_LANGUAGE_STANDARD = "gnu++14";
				CLANG_CXX_LIBRARY = "libc++";
				CLANG_ENABLE_MODULES = YES;
				CLANG_ENABLE_OBJC_ARC = YES;
				CLANG_ENABLE_OBJC_WEAK = YES;
				CLANG_WARN_BLOCK_CAPTURE_AUTORELEASING = YES;
				CLANG_WARN_BOOL_CONVERSION = YES;
				CLANG_WARN_COMMA = YES;
				CLANG_WARN_CONSTANT_CONVERSION = YES;
				CLANG_WARN_DEPRECATED_OBJC_IMPLEMENTATIONS = YES;
				CLANG_WARN_DIRECT_OBJC_ISA_USAGE = YES_ERROR;
				CLANG_WARN_DOCUMENTATION_COMMENTS = YES;
				CLANG_WARN_EMPTY_BODY = YES;
				CLANG_WARN_ENUM_CONVERSION = YES;
				CLANG_WARN_INFINITE_RECURSION = YES;
				CLANG_WARN_INT_CONVERSION = YES;
				CLANG_WARN_NON_LITERAL_NULL_CONVERSION = YES;
				CLANG_WARN_OBJC_IMPLICIT_RETAIN_SELF = YES;
				CLANG_WARN_OBJC_LITERAL_CONVERSION = YES;
				CLANG_WARN_OBJC_ROOT_CLASS = YES_ERROR;
				CLANG_WARN_RANGE_LOOP_ANALYSIS = YES;
				CLANG_WARN_STRICT_PROTOTYPES = YES;
				CLANG_WARN_SUSPICIOUS_MOVE = YES;
				CLANG_WARN_UNGUARDED_AVAILABILITY = YES_AGGRESSIVE;
				CLANG_WARN_UNREACHABLE_CODE = YES;
				CLANG_WARN__DUPLICATE_METHOD_MATCH = YES;
				COPY_PHASE_STRIP = NO;
				DEBUG_INFORMATION_FORMAT = "dwarf-with-dsym";
				ENABLE_NS_ASSERTIONS = NO;
				ENABLE_STRICT_OBJC_MSGSEND = YES;
				GCC_C_LANGUAGE_STANDARD = gnu11;
				GCC_NO_COMMON_BLOCKS = YES;
				GCC_WARN_64_TO_32_BIT_CONVERSION = YES;
				GCC_WARN_ABOUT_RETURN_TYPE = YES_ERROR;
				GCC_WARN_UNDECLARED_SELECTOR = YES;
				GCC_WARN_UNINITIALIZED_AUTOS = YES_AGGRESSIVE;
				GCC_WARN_UNUSED_FUNCTION = YES;
				GCC_WARN_UNUSED_VARIABLE = YES;
				IPHONEOS_DEPLOYMENT_TARGET = 13.0;
				MTL_ENABLE_DEBUG_INFO = NO;
				MTL_FAST_MATH = YES;
				SDKROOT = iphoneos;
				SWIFT_COMPILATION_MODE = wholemodule;
				SWIFT_OPTIMIZATION_LEVEL = "-O";
				VALIDATE_PRODUCT = YES;
			};
			name = Release;
		};
		4CF773E8241B97900032CC53 /* Debug */ = {
			isa = XCBuildConfiguration;
			baseConfigurationReference = BB09C1A28A717DE8ACC178D9 /* Pods-KyotoTrip.debug.xcconfig */;
			buildSettings = {
				ASSETCATALOG_COMPILER_APPICON_NAME = AppIcon;
				CODE_SIGN_STYLE = Automatic;
				CURRENT_PROJECT_VERSION = 3;
				DEVELOPMENT_TEAM = L8ZGX2885D;
				INFOPLIST_FILE = KyotoTrip/Info.plist;
				LD_RUNPATH_SEARCH_PATHS = (
					"$(inherited)",
					"@executable_path/Frameworks",
				);
				PRODUCT_BUNDLE_IDENTIFIER = com.masaytan.KyotoTrip;
				PRODUCT_NAME = "$(TARGET_NAME)";
				SWIFT_VERSION = 5.0;
				TARGETED_DEVICE_FAMILY = 1;
				VERSIONING_SYSTEM = "apple-generic";
			};
			name = Debug;
		};
		4CF773E9241B97900032CC53 /* Release */ = {
			isa = XCBuildConfiguration;
			baseConfigurationReference = 204C325FD10BE0F143E5B29D /* Pods-KyotoTrip.release.xcconfig */;
			buildSettings = {
				ASSETCATALOG_COMPILER_APPICON_NAME = AppIcon;
				CODE_SIGN_STYLE = Automatic;
				CURRENT_PROJECT_VERSION = 3;
				DEVELOPMENT_TEAM = L8ZGX2885D;
				INFOPLIST_FILE = KyotoTrip/Info.plist;
				LD_RUNPATH_SEARCH_PATHS = (
					"$(inherited)",
					"@executable_path/Frameworks",
				);
				PRODUCT_BUNDLE_IDENTIFIER = com.masaytan.KyotoTrip;
				PRODUCT_NAME = "$(TARGET_NAME)";
				SWIFT_VERSION = 5.0;
				TARGETED_DEVICE_FAMILY = 1;
				VERSIONING_SYSTEM = "apple-generic";
			};
			name = Release;
		};
/* End XCBuildConfiguration section */

/* Begin XCConfigurationList section */
		4CF4B0102472C9A600991B2C /* Build configuration list for PBXNativeTarget "KyotoTripTests" */ = {
			isa = XCConfigurationList;
			buildConfigurations = (
				4CF4B00E2472C9A600991B2C /* Debug */,
				4CF4B00F2472C9A600991B2C /* Release */,
			);
			defaultConfigurationIsVisible = 0;
			defaultConfigurationName = Release;
		};
		4CF773CE241B978B0032CC53 /* Build configuration list for PBXProject "KyotoTrip" */ = {
			isa = XCConfigurationList;
			buildConfigurations = (
				4CF773E5241B97900032CC53 /* Debug */,
				4CF773E6241B97900032CC53 /* Release */,
			);
			defaultConfigurationIsVisible = 0;
			defaultConfigurationName = Release;
		};
		4CF773E7241B97900032CC53 /* Build configuration list for PBXNativeTarget "KyotoTrip" */ = {
			isa = XCConfigurationList;
			buildConfigurations = (
				4CF773E8241B97900032CC53 /* Debug */,
				4CF773E9241B97900032CC53 /* Release */,
			);
			defaultConfigurationIsVisible = 0;
			defaultConfigurationName = Release;
		};
/* End XCConfigurationList section */
	};
	rootObject = 4CF773CB241B978B0032CC53 /* Project object */;
}
